// !$*UTF8*$!
{
	archiveVersion = 1;
	classes = {
	};
	objectVersion = 46;
	objects = {

/* Begin PBXBuildFile section */
		0F863EDD7DC62F1E2F344F8F /* libPods-XXD.a in Frameworks */ = {isa = PBXBuildFile; fileRef = 1696AF4DC74005A5A3024F13 /* libPods-XXD.a */; };
		3B24B3011D9272DE004FAC80 /* CustomScrollViewController.m in Sources */ = {isa = PBXBuildFile; fileRef = 3B24B3001D9272DE004FAC80 /* CustomScrollViewController.m */; };
		3B2713031DAE03EF008EDA1E /* XXDCollectViewController.m in Sources */ = {isa = PBXBuildFile; fileRef = 3B2713021DAE03EF008EDA1E /* XXDCollectViewController.m */; };
		3B2CAAC81DAB3B1C000BD24B /* XXDMyActivityModel.m in Sources */ = {isa = PBXBuildFile; fileRef = 3B2CAAC71DAB3B1C000BD24B /* XXDMyActivityModel.m */; };
		3B2EC0261D878A290019A72E /* XXDCalendarViewController.m in Sources */ = {isa = PBXBuildFile; fileRef = 3B2EC0251D878A290019A72E /* XXDCalendarViewController.m */; };
		3B2EC0301D8793A30019A72E /* XXDHotActivityViewController.m in Sources */ = {isa = PBXBuildFile; fileRef = 3B2EC02F1D8793A30019A72E /* XXDHotActivityViewController.m */; };
		3B2EC0341D87CBC60019A72E /* XXDRegisterViewController.m in Sources */ = {isa = PBXBuildFile; fileRef = 3B2EC0331D87CBC60019A72E /* XXDRegisterViewController.m */; };
		3B2EC0371D87CC7D0019A72E /* XXDRegisterSecondViewController.m in Sources */ = {isa = PBXBuildFile; fileRef = 3B2EC0361D87CC7D0019A72E /* XXDRegisterSecondViewController.m */; };
		3B2EC03A1D87CCA50019A72E /* XXDLoginViewController.m in Sources */ = {isa = PBXBuildFile; fileRef = 3B2EC0391D87CCA50019A72E /* XXDLoginViewController.m */; };
		3B355B721D80F8F1008C8376 /* XXDMyAccountInfoVC.m in Sources */ = {isa = PBXBuildFile; fileRef = 3B355B711D80F8F1008C8376 /* XXDMyAccountInfoVC.m */; };
		3B355B751D8149D6008C8376 /* AuthcodeView.m in Sources */ = {isa = PBXBuildFile; fileRef = 3B355B741D8149D6008C8376 /* AuthcodeView.m */; };
		3B355B781D815709008C8376 /* XXDTodayMakeListVC.m in Sources */ = {isa = PBXBuildFile; fileRef = 3B355B771D815709008C8376 /* XXDTodayMakeListVC.m */; };
		3B355B7B1D81573E008C8376 /* XXDTodayExchangeListVC.m in Sources */ = {isa = PBXBuildFile; fileRef = 3B355B7A1D81573E008C8376 /* XXDTodayExchangeListVC.m */; };
		3B355B7E1D81576C008C8376 /* XXDHistoryMakeListVC.m in Sources */ = {isa = PBXBuildFile; fileRef = 3B355B7D1D81576C008C8376 /* XXDHistoryMakeListVC.m */; };
		3B355B841D8158F4008C8376 /* XXDHistoryExchangeListVC.m in Sources */ = {isa = PBXBuildFile; fileRef = 3B355B831D8158F4008C8376 /* XXDHistoryExchangeListVC.m */; };
		3B4E9E221D98ACFB00190989 /* FirmLoginViewController.m in Sources */ = {isa = PBXBuildFile; fileRef = 3B4E9E211D98ACFB00190989 /* FirmLoginViewController.m */; };
		3B60B88A1D7D3D08002AA667 /* ItemTableViewCell.m in Sources */ = {isa = PBXBuildFile; fileRef = 3B60B8851D7D3D08002AA667 /* ItemTableViewCell.m */; };
		3B60B88B1D7D3D08002AA667 /* MoreDetailModel.m in Sources */ = {isa = PBXBuildFile; fileRef = 3B60B8871D7D3D08002AA667 /* MoreDetailModel.m */; };
		3B60B8A51D7D3D8A002AA667 /* VarietiesView.m in Sources */ = {isa = PBXBuildFile; fileRef = 3B60B8A21D7D3D8A002AA667 /* VarietiesView.m */; };
		3B60B8A61D7D3D8A002AA667 /* VarietyModel.m in Sources */ = {isa = PBXBuildFile; fileRef = 3B60B8A41D7D3D8A002AA667 /* VarietyModel.m */; };
		3B6C690F1D9B5B0100C1CB1A /* XXDFindPwdViewController.m in Sources */ = {isa = PBXBuildFile; fileRef = 3B6C690E1D9B5B0100C1CB1A /* XXDFindPwdViewController.m */; };
		3B6C69121D9B5B1900C1CB1A /* XXDFindPwdSecondViewController.m in Sources */ = {isa = PBXBuildFile; fileRef = 3B6C69111D9B5B1900C1CB1A /* XXDFindPwdSecondViewController.m */; };
		3B6C69161D9B643800C1CB1A /* XXDMyAccountViewController.m in Sources */ = {isa = PBXBuildFile; fileRef = 3B6C69151D9B643800C1CB1A /* XXDMyAccountViewController.m */; };
		3B6F5F171D7FAFC60058D2DE /* AboutXiDuViewController.m in Sources */ = {isa = PBXBuildFile; fileRef = 3B6F5F151D7FAFC60058D2DE /* AboutXiDuViewController.m */; };
		3B6F5F261D7FAFFE0058D2DE /* ContactUsViewController.m in Sources */ = {isa = PBXBuildFile; fileRef = 3B6F5F191D7FAFFE0058D2DE /* ContactUsViewController.m */; };
		3B6F5F271D7FAFFE0058D2DE /* ExchangeInfoViewController.m in Sources */ = {isa = PBXBuildFile; fileRef = 3B6F5F1B1D7FAFFE0058D2DE /* ExchangeInfoViewController.m */; };
		3B6F5F281D7FAFFE0058D2DE /* XiDuInfoViewController.m in Sources */ = {isa = PBXBuildFile; fileRef = 3B6F5F1D1D7FAFFE0058D2DE /* XiDuInfoViewController.m */; };
		3B6F5F291D7FAFFE0058D2DE /* XiDuNewsCell.m in Sources */ = {isa = PBXBuildFile; fileRef = 3B6F5F1F1D7FAFFE0058D2DE /* XiDuNewsCell.m */; };
		3B6F5F2A1D7FAFFE0058D2DE /* XiDuNewsDetailViewController.m in Sources */ = {isa = PBXBuildFile; fileRef = 3B6F5F211D7FAFFE0058D2DE /* XiDuNewsDetailViewController.m */; };
		3B6F5F2B1D7FAFFE0058D2DE /* XiDuNewsModel.m in Sources */ = {isa = PBXBuildFile; fileRef = 3B6F5F231D7FAFFE0058D2DE /* XiDuNewsModel.m */; };
		3B6F5F2C1D7FAFFE0058D2DE /* XiDuNewsViewController.m in Sources */ = {isa = PBXBuildFile; fileRef = 3B6F5F251D7FAFFE0058D2DE /* XiDuNewsViewController.m */; };
		3B6F5F2F1D7FB0F00058D2DE /* BaseWebRequest.m in Sources */ = {isa = PBXBuildFile; fileRef = 3B6F5F2E1D7FB0F00058D2DE /* BaseWebRequest.m */; };
		3B6F5F321D7FDAF00058D2DE /* XXDSearchViewController.m in Sources */ = {isa = PBXBuildFile; fileRef = 3B6F5F311D7FDAF00058D2DE /* XXDSearchViewController.m */; };
		3B6F5F3B1D8008350058D2DE /* XXDMyFirmAccountVC.m in Sources */ = {isa = PBXBuildFile; fileRef = 3B6F5F3A1D8008350058D2DE /* XXDMyFirmAccountVC.m */; };
		3B706FFE1D9DF948005C6076 /* XXDShiShiViewController.m in Sources */ = {isa = PBXBuildFile; fileRef = 3B706FFD1D9DF948005C6076 /* XXDShiShiViewController.m */; };
		3B7070011D9DF9B5005C6076 /* XXDTouTiaoViewController.m in Sources */ = {isa = PBXBuildFile; fileRef = 3B7070001D9DF9B5005C6076 /* XXDTouTiaoViewController.m */; };
		3B7070041D9DFF0B005C6076 /* XXDJinRongViewController.m in Sources */ = {isa = PBXBuildFile; fileRef = 3B7070031D9DFF0B005C6076 /* XXDJinRongViewController.m */; };
		3B7070071D9E0206005C6076 /* XXDCustomScrollViewController.m in Sources */ = {isa = PBXBuildFile; fileRef = 3B7070061D9E0206005C6076 /* XXDCustomScrollViewController.m */; };
		3B70700C1D9E0E9B005C6076 /* SGTopTitleView.m in Sources */ = {isa = PBXBuildFile; fileRef = 3B7070091D9E0E9B005C6076 /* SGTopTitleView.m */; };
		3B70700D1D9E0E9B005C6076 /* UIView+SGExtension.m in Sources */ = {isa = PBXBuildFile; fileRef = 3B70700B1D9E0E9B005C6076 /* UIView+SGExtension.m */; };
		3B732BA31DAC72470042B494 /* XXDProfessorDetailViewController.m in Sources */ = {isa = PBXBuildFile; fileRef = 3B732BA21DAC72470042B494 /* XXDProfessorDetailViewController.m */; };
		3B7B3E611D7E515A003DBF06 /* XXDQuotationViewController.m in Sources */ = {isa = PBXBuildFile; fileRef = 3B7B3E601D7E515A003DBF06 /* XXDQuotationViewController.m */; };
		3B7B3E6C1D7E5632003DBF06 /* ProfitSkillCell.m in Sources */ = {isa = PBXBuildFile; fileRef = 3B7B3E671D7E5632003DBF06 /* ProfitSkillCell.m */; };
		3B7B3E6D1D7E5632003DBF06 /* ProfitSkillModel.m in Sources */ = {isa = PBXBuildFile; fileRef = 3B7B3E691D7E5632003DBF06 /* ProfitSkillModel.m */; };
		3B7B3E6E1D7E5632003DBF06 /* ProfitSkillViewController.m in Sources */ = {isa = PBXBuildFile; fileRef = 3B7B3E6B1D7E5632003DBF06 /* ProfitSkillViewController.m */; };
		3B7B3E771D7E564D003DBF06 /* DayInvestmentCell.m in Sources */ = {isa = PBXBuildFile; fileRef = 3B7B3E701D7E564D003DBF06 /* DayInvestmentCell.m */; };
		3B7B3E781D7E564D003DBF06 /* DaysDetailController.m in Sources */ = {isa = PBXBuildFile; fileRef = 3B7B3E721D7E564D003DBF06 /* DaysDetailController.m */; };
		3B7B3E791D7E564D003DBF06 /* DaysInvestmentModel.m in Sources */ = {isa = PBXBuildFile; fileRef = 3B7B3E741D7E564D003DBF06 /* DaysInvestmentModel.m */; };
		3B7B3E7A1D7E564D003DBF06 /* DaysInvestmentViewController.m in Sources */ = {isa = PBXBuildFile; fileRef = 3B7B3E761D7E564D003DBF06 /* DaysInvestmentViewController.m */; };
		3B7B3E7D1D7E56B0003DBF06 /* BaseTableView.m in Sources */ = {isa = PBXBuildFile; fileRef = 3B7B3E7C1D7E56B0003DBF06 /* BaseTableView.m */; };
		3B7B3E801D7E5B0D003DBF06 /* BaseWKWebView.m in Sources */ = {isa = PBXBuildFile; fileRef = 3B7B3E7F1D7E5B0D003DBF06 /* BaseWKWebView.m */; };
		3B7B3E841D7E61BD003DBF06 /* ProfessorTeamViewController.m in Sources */ = {isa = PBXBuildFile; fileRef = 3B7B3E831D7E61BD003DBF06 /* ProfessorTeamViewController.m */; };
		3B7B3E881D7EA8F9003DBF06 /* XXDActivityMessageVC.m in Sources */ = {isa = PBXBuildFile; fileRef = 3B7B3E871D7EA8F9003DBF06 /* XXDActivityMessageVC.m */; };
		3B7B3E8B1D7EAF01003DBF06 /* XXDActivityTableViewCell.m in Sources */ = {isa = PBXBuildFile; fileRef = 3B7B3E8A1D7EAF01003DBF06 /* XXDActivityTableViewCell.m */; };
		3B7B3E8F1D7EBECC003DBF06 /* XXDMyViewController.m in Sources */ = {isa = PBXBuildFile; fileRef = 3B7B3E8E1D7EBECC003DBF06 /* XXDMyViewController.m */; };
		3B7B3E971D7EC07D003DBF06 /* XXDMyActivityVC.m in Sources */ = {isa = PBXBuildFile; fileRef = 3B7B3E961D7EC07D003DBF06 /* XXDMyActivityVC.m */; };
		3B7B3E9A1D7EC0C6003DBF06 /* XXDMyActivityCell.m in Sources */ = {isa = PBXBuildFile; fileRef = 3B7B3E991D7EC0C6003DBF06 /* XXDMyActivityCell.m */; };
		3B8FF8C91D86750E003D5EC1 /* XXDLeftMarketViewController.m in Sources */ = {isa = PBXBuildFile; fileRef = 3B8FF8C81D86750E003D5EC1 /* XXDLeftMarketViewController.m */; };
		3BA5F70A1DAF2600008271F4 /* FirmRegisterViewController.m in Sources */ = {isa = PBXBuildFile; fileRef = 3BA5F7091DAF2600008271F4 /* FirmRegisterViewController.m */; };
		3BAF05A61D93853A00CFB105 /* XXDTodayMakeListCell.m in Sources */ = {isa = PBXBuildFile; fileRef = 3BAF05A51D93853A00CFB105 /* XXDTodayMakeListCell.m */; };
		3BAF05A91D93A5F700CFB105 /* XXDTodayExchangeCell.m in Sources */ = {isa = PBXBuildFile; fileRef = 3BAF05A81D93A5F700CFB105 /* XXDTodayExchangeCell.m */; };
		3BAF05AC1D93AD8300CFB105 /* XXDHistoryMarketListCell.m in Sources */ = {isa = PBXBuildFile; fileRef = 3BAF05AB1D93AD8300CFB105 /* XXDHistoryMarketListCell.m */; };
		3BAF05AF1D93ADAA00CFB105 /* XXDHistoryExchangeCell.m in Sources */ = {isa = PBXBuildFile; fileRef = 3BAF05AE1D93ADAA00CFB105 /* XXDHistoryExchangeCell.m */; };
		3BBE4C721DAB7EAE0079F7A6 /* XXDProfessorTeamCell.m in Sources */ = {isa = PBXBuildFile; fileRef = 3BBE4C711DAB7EAE0079F7A6 /* XXDProfessorTeamCell.m */; };
		3BBE4C751DAB7ECE0079F7A6 /* XXDProfessorTeamModel.m in Sources */ = {isa = PBXBuildFile; fileRef = 3BBE4C741DAB7ECE0079F7A6 /* XXDProfessorTeamModel.m */; };
		6933F6971D790B7A009CB88F /* Default-568h@2x.png in Resources */ = {isa = PBXBuildFile; fileRef = 6933F6961D790B7A009CB88F /* Default-568h@2x.png */; };
		696BC0F11DAB74D8003589C0 /* XXDSetupViewController.m in Sources */ = {isa = PBXBuildFile; fileRef = 696BC0F01DAB74D8003589C0 /* XXDSetupViewController.m */; };
		697D76391D781300008D7C94 /* main.m in Sources */ = {isa = PBXBuildFile; fileRef = 697D76381D781300008D7C94 /* main.m */; };
		697D763C1D781300008D7C94 /* XXDAppDelegate.m in Sources */ = {isa = PBXBuildFile; fileRef = 697D763B1D781300008D7C94 /* XXDAppDelegate.m */; };
		697D76441D781300008D7C94 /* Assets.xcassets in Resources */ = {isa = PBXBuildFile; fileRef = 697D76431D781300008D7C94 /* Assets.xcassets */; };
		697D765C1D781BBC008D7C94 /* XXDMainTabController.m in Sources */ = {isa = PBXBuildFile; fileRef = 697D765B1D781BBC008D7C94 /* XXDMainTabController.m */; };
		697D766A1D782911008D7C94 /* XXDHomeViewController.m in Sources */ = {isa = PBXBuildFile; fileRef = 697D76691D782911008D7C94 /* XXDHomeViewController.m */; };
		697D766D1D78292C008D7C94 /* XXDMarketViewController.m in Sources */ = {isa = PBXBuildFile; fileRef = 697D766C1D78292C008D7C94 /* XXDMarketViewController.m */; };
		697D76701D782939008D7C94 /* XXDTradeViewController.m in Sources */ = {isa = PBXBuildFile; fileRef = 697D766F1D782939008D7C94 /* XXDTradeViewController.m */; };
		697D76731D782951008D7C94 /* XXDDiscoverViewController.m in Sources */ = {isa = PBXBuildFile; fileRef = 697D76721D782951008D7C94 /* XXDDiscoverViewController.m */; };
		697D76791D782E77008D7C94 /* Main.storyboard in Resources */ = {isa = PBXBuildFile; fileRef = 697D76771D782E77008D7C94 /* Main.storyboard */; };
		69B1C6111D7E4FE8000CA633 /* XXDLiveView.m in Sources */ = {isa = PBXBuildFile; fileRef = 69B1C6101D7E4FE8000CA633 /* XXDLiveView.m */; };
		69B1C6181D7E64FF000CA633 /* XXDLiveImage.m in Sources */ = {isa = PBXBuildFile; fileRef = 69B1C6171D7E64FF000CA633 /* XXDLiveImage.m */; };
		69B1C61C1D7EBD39000CA633 /* XXDTimeNewsCell.m in Sources */ = {isa = PBXBuildFile; fileRef = 69B1C61B1D7EBD39000CA633 /* XXDTimeNewsCell.m */; };
		69B1C61F1D7EBD61000CA633 /* XXDJinYinNiuPingCell.m in Sources */ = {isa = PBXBuildFile; fileRef = 69B1C61E1D7EBD61000CA633 /* XXDJinYinNiuPingCell.m */; };
		69B1C6231D7EC0D1000CA633 /* XXDTimeNews.m in Sources */ = {isa = PBXBuildFile; fileRef = 69B1C6221D7EC0D1000CA633 /* XXDTimeNews.m */; };
		69B1C6261D7EC12B000CA633 /* XXDJinYinNiuPing.m in Sources */ = {isa = PBXBuildFile; fileRef = 69B1C6251D7EC12B000CA633 /* XXDJinYinNiuPing.m */; };
		69B531C71D891F310055A9AE /* XXDNewerViewController.m in Sources */ = {isa = PBXBuildFile; fileRef = 69B531C61D891F310055A9AE /* XXDNewerViewController.m */; };
		69B89A711D7FFFCE009875E1 /* XXDLiveOnLineController.m in Sources */ = {isa = PBXBuildFile; fileRef = 69B89A701D7FFFCE009875E1 /* XXDLiveOnLineController.m */; };
		69B89A801D813723009875E1 /* firmBargainViewController.m in Sources */ = {isa = PBXBuildFile; fileRef = 69B89A7E1D813723009875E1 /* firmBargainViewController.m */; };
		69B89A831D81378F009875E1 /* XXDOrderBSView.m in Sources */ = {isa = PBXBuildFile; fileRef = 69B89A821D81378F009875E1 /* XXDOrderBSView.m */; };
		69B89A891D8137ED009875E1 /* XXDDelegateView.m in Sources */ = {isa = PBXBuildFile; fileRef = 69B89A881D8137ED009875E1 /* XXDDelegateView.m */; };
		69B89A8C1D813807009875E1 /* XXDHoldProductView.m in Sources */ = {isa = PBXBuildFile; fileRef = 69B89A8B1D813807009875E1 /* XXDHoldProductView.m */; };
		69BC4A5A1D9DFE460035328C /* XXDCalendar.m in Sources */ = {isa = PBXBuildFile; fileRef = 69BC4A591D9DFE460035328C /* XXDCalendar.m */; };
		69BC4A5D1D9DFEE10035328C /* DateView.m in Sources */ = {isa = PBXBuildFile; fileRef = 69BC4A5C1D9DFEE10035328C /* DateView.m */; };
		69BC4A601D9DFF140035328C /* XXDCalendarCell.m in Sources */ = {isa = PBXBuildFile; fileRef = 69BC4A5F1D9DFF140035328C /* XXDCalendarCell.m */; };
		69BFEA661DAC8CBC001F57D1 /* XXDPersonalInfoViewController.m in Sources */ = {isa = PBXBuildFile; fileRef = 69BFEA651DAC8CBC001F57D1 /* XXDPersonalInfoViewController.m */; };
		69BFEA691DAC8DE2001F57D1 /* XXDUserFeedbackViewController.m in Sources */ = {isa = PBXBuildFile; fileRef = 69BFEA681DAC8DE2001F57D1 /* XXDUserFeedbackViewController.m */; };
		69C1058F1D93852F00F4D3AE /* XXDCustomNavigation.m in Sources */ = {isa = PBXBuildFile; fileRef = 69C1058E1D93852F00F4D3AE /* XXDCustomNavigation.m */; };
		69C40D1C1D7D463000872C23 /* UIButton+XXD.m in Sources */ = {isa = PBXBuildFile; fileRef = 69C40D1B1D7D463000872C23 /* UIButton+XXD.m */; };
		69C5BCAB1D9A420C005CF969 /* XXDOrderSwapsBSCell.m in Sources */ = {isa = PBXBuildFile; fileRef = 69C5BCAA1D9A420C005CF969 /* XXDOrderSwapsBSCell.m */; };
		69C5BCAF1D9A4307005CF969 /* XXDOrderSwapsBS.m in Sources */ = {isa = PBXBuildFile; fileRef = 69C5BCAE1D9A4307005CF969 /* XXDOrderSwapsBS.m */; };
		69C5BCB21D9A51AC005CF969 /* XXDOrderSwapsBSViewModel.m in Sources */ = {isa = PBXBuildFile; fileRef = 69C5BCB11D9A51AC005CF969 /* XXDOrderSwapsBSViewModel.m */; };
		69D54A9A1D9B5A58007D033D /* XXDDelegate.m in Sources */ = {isa = PBXBuildFile; fileRef = 69D54A991D9B5A58007D033D /* XXDDelegate.m */; };
		69D54A9D1D9B603A007D033D /* XXDDelegateCell.m in Sources */ = {isa = PBXBuildFile; fileRef = 69D54A9C1D9B603A007D033D /* XXDDelegateCell.m */; };
		69E1C62B1D8793AD00ED2735 /* XXDHotTradeViewController.m in Sources */ = {isa = PBXBuildFile; fileRef = 69E1C62A1D8793AD00ED2735 /* XXDHotTradeViewController.m */; };
		69E1C62E1D87970C00ED2735 /* XXDHotTrade.m in Sources */ = {isa = PBXBuildFile; fileRef = 69E1C62D1D87970C00ED2735 /* XXDHotTrade.m */; };
		69E1C6311D879B0400ED2735 /* XXDHotTradeCell.m in Sources */ = {isa = PBXBuildFile; fileRef = 69E1C6301D879B0400ED2735 /* XXDHotTradeCell.m */; };
		69E1C6341D87CD6F00ED2735 /* XXDHotTradeLabel.m in Sources */ = {isa = PBXBuildFile; fileRef = 69E1C6331D87CD6F00ED2735 /* XXDHotTradeLabel.m */; };
		69E1C6381D87EE3300ED2735 /* XXDLiveNewViewController.m in Sources */ = {isa = PBXBuildFile; fileRef = 69E1C6371D87EE3300ED2735 /* XXDLiveNewViewController.m */; };
/* End PBXBuildFile section */

/* Begin PBXFileReference section */
		1696AF4DC74005A5A3024F13 /* libPods-XXD.a */ = {isa = PBXFileReference; explicitFileType = archive.ar; includeInIndex = 0; path = "libPods-XXD.a"; sourceTree = BUILT_PRODUCTS_DIR; };
		3B24B2FF1D9272DE004FAC80 /* CustomScrollViewController.h */ = {isa = PBXFileReference; fileEncoding = 4; lastKnownFileType = sourcecode.c.h; path = CustomScrollViewController.h; sourceTree = "<group>"; };
		3B24B3001D9272DE004FAC80 /* CustomScrollViewController.m */ = {isa = PBXFileReference; fileEncoding = 4; lastKnownFileType = sourcecode.c.objc; path = CustomScrollViewController.m; sourceTree = "<group>"; };
		3B2713011DAE03EF008EDA1E /* XXDCollectViewController.h */ = {isa = PBXFileReference; fileEncoding = 4; lastKnownFileType = sourcecode.c.h; path = XXDCollectViewController.h; sourceTree = "<group>"; };
		3B2713021DAE03EF008EDA1E /* XXDCollectViewController.m */ = {isa = PBXFileReference; fileEncoding = 4; lastKnownFileType = sourcecode.c.objc; path = XXDCollectViewController.m; sourceTree = "<group>"; };
		3B2CAAC61DAB3B1C000BD24B /* XXDMyActivityModel.h */ = {isa = PBXFileReference; fileEncoding = 4; lastKnownFileType = sourcecode.c.h; path = XXDMyActivityModel.h; sourceTree = "<group>"; };
		3B2CAAC71DAB3B1C000BD24B /* XXDMyActivityModel.m */ = {isa = PBXFileReference; fileEncoding = 4; lastKnownFileType = sourcecode.c.objc; path = XXDMyActivityModel.m; sourceTree = "<group>"; };
		3B2EC0241D878A290019A72E /* XXDCalendarViewController.h */ = {isa = PBXFileReference; fileEncoding = 4; lastKnownFileType = sourcecode.c.h; path = XXDCalendarViewController.h; sourceTree = "<group>"; };
		3B2EC0251D878A290019A72E /* XXDCalendarViewController.m */ = {isa = PBXFileReference; fileEncoding = 4; lastKnownFileType = sourcecode.c.objc; path = XXDCalendarViewController.m; sourceTree = "<group>"; };
		3B2EC02E1D8793A30019A72E /* XXDHotActivityViewController.h */ = {isa = PBXFileReference; fileEncoding = 4; lastKnownFileType = sourcecode.c.h; path = XXDHotActivityViewController.h; sourceTree = "<group>"; };
		3B2EC02F1D8793A30019A72E /* XXDHotActivityViewController.m */ = {isa = PBXFileReference; fileEncoding = 4; lastKnownFileType = sourcecode.c.objc; path = XXDHotActivityViewController.m; sourceTree = "<group>"; };
		3B2EC0321D87CBC60019A72E /* XXDRegisterViewController.h */ = {isa = PBXFileReference; fileEncoding = 4; lastKnownFileType = sourcecode.c.h; path = XXDRegisterViewController.h; sourceTree = "<group>"; };
		3B2EC0331D87CBC60019A72E /* XXDRegisterViewController.m */ = {isa = PBXFileReference; fileEncoding = 4; lastKnownFileType = sourcecode.c.objc; path = XXDRegisterViewController.m; sourceTree = "<group>"; };
		3B2EC0351D87CC7D0019A72E /* XXDRegisterSecondViewController.h */ = {isa = PBXFileReference; fileEncoding = 4; lastKnownFileType = sourcecode.c.h; path = XXDRegisterSecondViewController.h; sourceTree = "<group>"; };
		3B2EC0361D87CC7D0019A72E /* XXDRegisterSecondViewController.m */ = {isa = PBXFileReference; fileEncoding = 4; lastKnownFileType = sourcecode.c.objc; path = XXDRegisterSecondViewController.m; sourceTree = "<group>"; };
		3B2EC0381D87CCA50019A72E /* XXDLoginViewController.h */ = {isa = PBXFileReference; fileEncoding = 4; lastKnownFileType = sourcecode.c.h; path = XXDLoginViewController.h; sourceTree = "<group>"; };
		3B2EC0391D87CCA50019A72E /* XXDLoginViewController.m */ = {isa = PBXFileReference; fileEncoding = 4; lastKnownFileType = sourcecode.c.objc; path = XXDLoginViewController.m; sourceTree = "<group>"; };
		3B355B701D80F8F1008C8376 /* XXDMyAccountInfoVC.h */ = {isa = PBXFileReference; fileEncoding = 4; lastKnownFileType = sourcecode.c.h; path = XXDMyAccountInfoVC.h; sourceTree = "<group>"; };
		3B355B711D80F8F1008C8376 /* XXDMyAccountInfoVC.m */ = {isa = PBXFileReference; fileEncoding = 4; lastKnownFileType = sourcecode.c.objc; path = XXDMyAccountInfoVC.m; sourceTree = "<group>"; };
		3B355B731D8149D6008C8376 /* AuthcodeView.h */ = {isa = PBXFileReference; fileEncoding = 4; lastKnownFileType = sourcecode.c.h; path = AuthcodeView.h; sourceTree = "<group>"; };
		3B355B741D8149D6008C8376 /* AuthcodeView.m */ = {isa = PBXFileReference; fileEncoding = 4; lastKnownFileType = sourcecode.c.objc; path = AuthcodeView.m; sourceTree = "<group>"; };
		3B355B761D815709008C8376 /* XXDTodayMakeListVC.h */ = {isa = PBXFileReference; fileEncoding = 4; lastKnownFileType = sourcecode.c.h; path = XXDTodayMakeListVC.h; sourceTree = "<group>"; };
		3B355B771D815709008C8376 /* XXDTodayMakeListVC.m */ = {isa = PBXFileReference; fileEncoding = 4; lastKnownFileType = sourcecode.c.objc; path = XXDTodayMakeListVC.m; sourceTree = "<group>"; };
		3B355B791D81573E008C8376 /* XXDTodayExchangeListVC.h */ = {isa = PBXFileReference; fileEncoding = 4; lastKnownFileType = sourcecode.c.h; path = XXDTodayExchangeListVC.h; sourceTree = "<group>"; };
		3B355B7A1D81573E008C8376 /* XXDTodayExchangeListVC.m */ = {isa = PBXFileReference; fileEncoding = 4; lastKnownFileType = sourcecode.c.objc; path = XXDTodayExchangeListVC.m; sourceTree = "<group>"; };
		3B355B7C1D81576C008C8376 /* XXDHistoryMakeListVC.h */ = {isa = PBXFileReference; fileEncoding = 4; lastKnownFileType = sourcecode.c.h; path = XXDHistoryMakeListVC.h; sourceTree = "<group>"; };
		3B355B7D1D81576C008C8376 /* XXDHistoryMakeListVC.m */ = {isa = PBXFileReference; fileEncoding = 4; lastKnownFileType = sourcecode.c.objc; path = XXDHistoryMakeListVC.m; sourceTree = "<group>"; };
		3B355B821D8158F4008C8376 /* XXDHistoryExchangeListVC.h */ = {isa = PBXFileReference; fileEncoding = 4; lastKnownFileType = sourcecode.c.h; path = XXDHistoryExchangeListVC.h; sourceTree = "<group>"; };
		3B355B831D8158F4008C8376 /* XXDHistoryExchangeListVC.m */ = {isa = PBXFileReference; fileEncoding = 4; lastKnownFileType = sourcecode.c.objc; path = XXDHistoryExchangeListVC.m; sourceTree = "<group>"; };
		3B4E9E201D98ACFB00190989 /* FirmLoginViewController.h */ = {isa = PBXFileReference; fileEncoding = 4; lastKnownFileType = sourcecode.c.h; path = FirmLoginViewController.h; sourceTree = "<group>"; };
		3B4E9E211D98ACFB00190989 /* FirmLoginViewController.m */ = {isa = PBXFileReference; fileEncoding = 4; lastKnownFileType = sourcecode.c.objc; path = FirmLoginViewController.m; sourceTree = "<group>"; };
		3B60B8841D7D3D08002AA667 /* ItemTableViewCell.h */ = {isa = PBXFileReference; fileEncoding = 4; lastKnownFileType = sourcecode.c.h; path = ItemTableViewCell.h; sourceTree = "<group>"; };
		3B60B8851D7D3D08002AA667 /* ItemTableViewCell.m */ = {isa = PBXFileReference; fileEncoding = 4; lastKnownFileType = sourcecode.c.objc; path = ItemTableViewCell.m; sourceTree = "<group>"; };
		3B60B8861D7D3D08002AA667 /* MoreDetailModel.h */ = {isa = PBXFileReference; fileEncoding = 4; lastKnownFileType = sourcecode.c.h; path = MoreDetailModel.h; sourceTree = "<group>"; };
		3B60B8871D7D3D08002AA667 /* MoreDetailModel.m */ = {isa = PBXFileReference; fileEncoding = 4; lastKnownFileType = sourcecode.c.objc; path = MoreDetailModel.m; sourceTree = "<group>"; };
		3B60B8A11D7D3D8A002AA667 /* VarietiesView.h */ = {isa = PBXFileReference; fileEncoding = 4; lastKnownFileType = sourcecode.c.h; path = VarietiesView.h; sourceTree = "<group>"; };
		3B60B8A21D7D3D8A002AA667 /* VarietiesView.m */ = {isa = PBXFileReference; fileEncoding = 4; lastKnownFileType = sourcecode.c.objc; path = VarietiesView.m; sourceTree = "<group>"; };
		3B60B8A31D7D3D8A002AA667 /* VarietyModel.h */ = {isa = PBXFileReference; fileEncoding = 4; lastKnownFileType = sourcecode.c.h; path = VarietyModel.h; sourceTree = "<group>"; };
		3B60B8A41D7D3D8A002AA667 /* VarietyModel.m */ = {isa = PBXFileReference; fileEncoding = 4; lastKnownFileType = sourcecode.c.objc; path = VarietyModel.m; sourceTree = "<group>"; };
		3B6C690D1D9B5B0100C1CB1A /* XXDFindPwdViewController.h */ = {isa = PBXFileReference; fileEncoding = 4; lastKnownFileType = sourcecode.c.h; path = XXDFindPwdViewController.h; sourceTree = "<group>"; };
		3B6C690E1D9B5B0100C1CB1A /* XXDFindPwdViewController.m */ = {isa = PBXFileReference; fileEncoding = 4; lastKnownFileType = sourcecode.c.objc; path = XXDFindPwdViewController.m; sourceTree = "<group>"; };
		3B6C69101D9B5B1900C1CB1A /* XXDFindPwdSecondViewController.h */ = {isa = PBXFileReference; fileEncoding = 4; lastKnownFileType = sourcecode.c.h; path = XXDFindPwdSecondViewController.h; sourceTree = "<group>"; };
		3B6C69111D9B5B1900C1CB1A /* XXDFindPwdSecondViewController.m */ = {isa = PBXFileReference; fileEncoding = 4; lastKnownFileType = sourcecode.c.objc; path = XXDFindPwdSecondViewController.m; sourceTree = "<group>"; };
		3B6C69141D9B643800C1CB1A /* XXDMyAccountViewController.h */ = {isa = PBXFileReference; fileEncoding = 4; lastKnownFileType = sourcecode.c.h; path = XXDMyAccountViewController.h; sourceTree = "<group>"; };
		3B6C69151D9B643800C1CB1A /* XXDMyAccountViewController.m */ = {isa = PBXFileReference; fileEncoding = 4; lastKnownFileType = sourcecode.c.objc; path = XXDMyAccountViewController.m; sourceTree = "<group>"; };
		3B6F5F141D7FAFC60058D2DE /* AboutXiDuViewController.h */ = {isa = PBXFileReference; fileEncoding = 4; lastKnownFileType = sourcecode.c.h; path = AboutXiDuViewController.h; sourceTree = "<group>"; };
		3B6F5F151D7FAFC60058D2DE /* AboutXiDuViewController.m */ = {isa = PBXFileReference; fileEncoding = 4; lastKnownFileType = sourcecode.c.objc; path = AboutXiDuViewController.m; sourceTree = "<group>"; };
		3B6F5F181D7FAFFE0058D2DE /* ContactUsViewController.h */ = {isa = PBXFileReference; fileEncoding = 4; lastKnownFileType = sourcecode.c.h; path = ContactUsViewController.h; sourceTree = "<group>"; };
		3B6F5F191D7FAFFE0058D2DE /* ContactUsViewController.m */ = {isa = PBXFileReference; fileEncoding = 4; lastKnownFileType = sourcecode.c.objc; path = ContactUsViewController.m; sourceTree = "<group>"; };
		3B6F5F1A1D7FAFFE0058D2DE /* ExchangeInfoViewController.h */ = {isa = PBXFileReference; fileEncoding = 4; lastKnownFileType = sourcecode.c.h; path = ExchangeInfoViewController.h; sourceTree = "<group>"; };
		3B6F5F1B1D7FAFFE0058D2DE /* ExchangeInfoViewController.m */ = {isa = PBXFileReference; fileEncoding = 4; lastKnownFileType = sourcecode.c.objc; path = ExchangeInfoViewController.m; sourceTree = "<group>"; };
		3B6F5F1C1D7FAFFE0058D2DE /* XiDuInfoViewController.h */ = {isa = PBXFileReference; fileEncoding = 4; lastKnownFileType = sourcecode.c.h; path = XiDuInfoViewController.h; sourceTree = "<group>"; };
		3B6F5F1D1D7FAFFE0058D2DE /* XiDuInfoViewController.m */ = {isa = PBXFileReference; fileEncoding = 4; lastKnownFileType = sourcecode.c.objc; path = XiDuInfoViewController.m; sourceTree = "<group>"; };
		3B6F5F1E1D7FAFFE0058D2DE /* XiDuNewsCell.h */ = {isa = PBXFileReference; fileEncoding = 4; lastKnownFileType = sourcecode.c.h; path = XiDuNewsCell.h; sourceTree = "<group>"; };
		3B6F5F1F1D7FAFFE0058D2DE /* XiDuNewsCell.m */ = {isa = PBXFileReference; fileEncoding = 4; lastKnownFileType = sourcecode.c.objc; path = XiDuNewsCell.m; sourceTree = "<group>"; };
		3B6F5F201D7FAFFE0058D2DE /* XiDuNewsDetailViewController.h */ = {isa = PBXFileReference; fileEncoding = 4; lastKnownFileType = sourcecode.c.h; path = XiDuNewsDetailViewController.h; sourceTree = "<group>"; };
		3B6F5F211D7FAFFE0058D2DE /* XiDuNewsDetailViewController.m */ = {isa = PBXFileReference; fileEncoding = 4; lastKnownFileType = sourcecode.c.objc; path = XiDuNewsDetailViewController.m; sourceTree = "<group>"; };
		3B6F5F221D7FAFFE0058D2DE /* XiDuNewsModel.h */ = {isa = PBXFileReference; fileEncoding = 4; lastKnownFileType = sourcecode.c.h; path = XiDuNewsModel.h; sourceTree = "<group>"; };
		3B6F5F231D7FAFFE0058D2DE /* XiDuNewsModel.m */ = {isa = PBXFileReference; fileEncoding = 4; lastKnownFileType = sourcecode.c.objc; path = XiDuNewsModel.m; sourceTree = "<group>"; };
		3B6F5F241D7FAFFE0058D2DE /* XiDuNewsViewController.h */ = {isa = PBXFileReference; fileEncoding = 4; lastKnownFileType = sourcecode.c.h; path = XiDuNewsViewController.h; sourceTree = "<group>"; };
		3B6F5F251D7FAFFE0058D2DE /* XiDuNewsViewController.m */ = {isa = PBXFileReference; fileEncoding = 4; lastKnownFileType = sourcecode.c.objc; path = XiDuNewsViewController.m; sourceTree = "<group>"; };
		3B6F5F2D1D7FB0F00058D2DE /* BaseWebRequest.h */ = {isa = PBXFileReference; fileEncoding = 4; lastKnownFileType = sourcecode.c.h; path = BaseWebRequest.h; sourceTree = "<group>"; };
		3B6F5F2E1D7FB0F00058D2DE /* BaseWebRequest.m */ = {isa = PBXFileReference; fileEncoding = 4; lastKnownFileType = sourcecode.c.objc; path = BaseWebRequest.m; sourceTree = "<group>"; };
		3B6F5F301D7FDAF00058D2DE /* XXDSearchViewController.h */ = {isa = PBXFileReference; fileEncoding = 4; lastKnownFileType = sourcecode.c.h; path = XXDSearchViewController.h; sourceTree = "<group>"; };
		3B6F5F311D7FDAF00058D2DE /* XXDSearchViewController.m */ = {isa = PBXFileReference; fileEncoding = 4; lastKnownFileType = sourcecode.c.objc; path = XXDSearchViewController.m; sourceTree = "<group>"; };
		3B6F5F391D8008350058D2DE /* XXDMyFirmAccountVC.h */ = {isa = PBXFileReference; fileEncoding = 4; lastKnownFileType = sourcecode.c.h; path = XXDMyFirmAccountVC.h; sourceTree = "<group>"; };
		3B6F5F3A1D8008350058D2DE /* XXDMyFirmAccountVC.m */ = {isa = PBXFileReference; fileEncoding = 4; lastKnownFileType = sourcecode.c.objc; path = XXDMyFirmAccountVC.m; sourceTree = "<group>"; };
		3B706FFC1D9DF948005C6076 /* XXDShiShiViewController.h */ = {isa = PBXFileReference; fileEncoding = 4; lastKnownFileType = sourcecode.c.h; path = XXDShiShiViewController.h; sourceTree = "<group>"; };
		3B706FFD1D9DF948005C6076 /* XXDShiShiViewController.m */ = {isa = PBXFileReference; fileEncoding = 4; lastKnownFileType = sourcecode.c.objc; path = XXDShiShiViewController.m; sourceTree = "<group>"; };
		3B706FFF1D9DF9B5005C6076 /* XXDTouTiaoViewController.h */ = {isa = PBXFileReference; fileEncoding = 4; lastKnownFileType = sourcecode.c.h; path = XXDTouTiaoViewController.h; sourceTree = "<group>"; };
		3B7070001D9DF9B5005C6076 /* XXDTouTiaoViewController.m */ = {isa = PBXFileReference; fileEncoding = 4; lastKnownFileType = sourcecode.c.objc; path = XXDTouTiaoViewController.m; sourceTree = "<group>"; };
		3B7070021D9DFF0B005C6076 /* XXDJinRongViewController.h */ = {isa = PBXFileReference; fileEncoding = 4; lastKnownFileType = sourcecode.c.h; path = XXDJinRongViewController.h; sourceTree = "<group>"; };
		3B7070031D9DFF0B005C6076 /* XXDJinRongViewController.m */ = {isa = PBXFileReference; fileEncoding = 4; lastKnownFileType = sourcecode.c.objc; path = XXDJinRongViewController.m; sourceTree = "<group>"; };
		3B7070051D9E0206005C6076 /* XXDCustomScrollViewController.h */ = {isa = PBXFileReference; fileEncoding = 4; lastKnownFileType = sourcecode.c.h; path = XXDCustomScrollViewController.h; sourceTree = "<group>"; };
		3B7070061D9E0206005C6076 /* XXDCustomScrollViewController.m */ = {isa = PBXFileReference; fileEncoding = 4; lastKnownFileType = sourcecode.c.objc; path = XXDCustomScrollViewController.m; sourceTree = "<group>"; };
		3B7070081D9E0E9B005C6076 /* SGTopTitleView.h */ = {isa = PBXFileReference; fileEncoding = 4; lastKnownFileType = sourcecode.c.h; path = SGTopTitleView.h; sourceTree = "<group>"; };
		3B7070091D9E0E9B005C6076 /* SGTopTitleView.m */ = {isa = PBXFileReference; fileEncoding = 4; lastKnownFileType = sourcecode.c.objc; path = SGTopTitleView.m; sourceTree = "<group>"; };
		3B70700A1D9E0E9B005C6076 /* UIView+SGExtension.h */ = {isa = PBXFileReference; fileEncoding = 4; lastKnownFileType = sourcecode.c.h; path = "UIView+SGExtension.h"; sourceTree = "<group>"; };
		3B70700B1D9E0E9B005C6076 /* UIView+SGExtension.m */ = {isa = PBXFileReference; fileEncoding = 4; lastKnownFileType = sourcecode.c.objc; path = "UIView+SGExtension.m"; sourceTree = "<group>"; };
		3B732BA11DAC72470042B494 /* XXDProfessorDetailViewController.h */ = {isa = PBXFileReference; fileEncoding = 4; lastKnownFileType = sourcecode.c.h; path = XXDProfessorDetailViewController.h; sourceTree = "<group>"; };
		3B732BA21DAC72470042B494 /* XXDProfessorDetailViewController.m */ = {isa = PBXFileReference; fileEncoding = 4; lastKnownFileType = sourcecode.c.objc; path = XXDProfessorDetailViewController.m; sourceTree = "<group>"; };
		3B7B3E5F1D7E515A003DBF06 /* XXDQuotationViewController.h */ = {isa = PBXFileReference; fileEncoding = 4; lastKnownFileType = sourcecode.c.h; path = XXDQuotationViewController.h; sourceTree = "<group>"; };
		3B7B3E601D7E515A003DBF06 /* XXDQuotationViewController.m */ = {isa = PBXFileReference; fileEncoding = 4; lastKnownFileType = sourcecode.c.objc; path = XXDQuotationViewController.m; sourceTree = "<group>"; };
		3B7B3E661D7E5632003DBF06 /* ProfitSkillCell.h */ = {isa = PBXFileReference; fileEncoding = 4; lastKnownFileType = sourcecode.c.h; path = ProfitSkillCell.h; sourceTree = "<group>"; };
		3B7B3E671D7E5632003DBF06 /* ProfitSkillCell.m */ = {isa = PBXFileReference; fileEncoding = 4; lastKnownFileType = sourcecode.c.objc; path = ProfitSkillCell.m; sourceTree = "<group>"; };
		3B7B3E681D7E5632003DBF06 /* ProfitSkillModel.h */ = {isa = PBXFileReference; fileEncoding = 4; lastKnownFileType = sourcecode.c.h; path = ProfitSkillModel.h; sourceTree = "<group>"; };
		3B7B3E691D7E5632003DBF06 /* ProfitSkillModel.m */ = {isa = PBXFileReference; fileEncoding = 4; lastKnownFileType = sourcecode.c.objc; path = ProfitSkillModel.m; sourceTree = "<group>"; };
		3B7B3E6A1D7E5632003DBF06 /* ProfitSkillViewController.h */ = {isa = PBXFileReference; fileEncoding = 4; lastKnownFileType = sourcecode.c.h; path = ProfitSkillViewController.h; sourceTree = "<group>"; };
		3B7B3E6B1D7E5632003DBF06 /* ProfitSkillViewController.m */ = {isa = PBXFileReference; fileEncoding = 4; lastKnownFileType = sourcecode.c.objc; path = ProfitSkillViewController.m; sourceTree = "<group>"; };
		3B7B3E6F1D7E564D003DBF06 /* DayInvestmentCell.h */ = {isa = PBXFileReference; fileEncoding = 4; lastKnownFileType = sourcecode.c.h; path = DayInvestmentCell.h; sourceTree = "<group>"; };
		3B7B3E701D7E564D003DBF06 /* DayInvestmentCell.m */ = {isa = PBXFileReference; fileEncoding = 4; lastKnownFileType = sourcecode.c.objc; path = DayInvestmentCell.m; sourceTree = "<group>"; };
		3B7B3E711D7E564D003DBF06 /* DaysDetailController.h */ = {isa = PBXFileReference; fileEncoding = 4; lastKnownFileType = sourcecode.c.h; path = DaysDetailController.h; sourceTree = "<group>"; };
		3B7B3E721D7E564D003DBF06 /* DaysDetailController.m */ = {isa = PBXFileReference; fileEncoding = 4; lastKnownFileType = sourcecode.c.objc; path = DaysDetailController.m; sourceTree = "<group>"; };
		3B7B3E731D7E564D003DBF06 /* DaysInvestmentModel.h */ = {isa = PBXFileReference; fileEncoding = 4; lastKnownFileType = sourcecode.c.h; path = DaysInvestmentModel.h; sourceTree = "<group>"; };
		3B7B3E741D7E564D003DBF06 /* DaysInvestmentModel.m */ = {isa = PBXFileReference; fileEncoding = 4; lastKnownFileType = sourcecode.c.objc; path = DaysInvestmentModel.m; sourceTree = "<group>"; };
		3B7B3E751D7E564D003DBF06 /* DaysInvestmentViewController.h */ = {isa = PBXFileReference; fileEncoding = 4; lastKnownFileType = sourcecode.c.h; path = DaysInvestmentViewController.h; sourceTree = "<group>"; };
		3B7B3E761D7E564D003DBF06 /* DaysInvestmentViewController.m */ = {isa = PBXFileReference; fileEncoding = 4; lastKnownFileType = sourcecode.c.objc; path = DaysInvestmentViewController.m; sourceTree = "<group>"; };
		3B7B3E7B1D7E56B0003DBF06 /* BaseTableView.h */ = {isa = PBXFileReference; fileEncoding = 4; lastKnownFileType = sourcecode.c.h; path = BaseTableView.h; sourceTree = "<group>"; };
		3B7B3E7C1D7E56B0003DBF06 /* BaseTableView.m */ = {isa = PBXFileReference; fileEncoding = 4; lastKnownFileType = sourcecode.c.objc; path = BaseTableView.m; sourceTree = "<group>"; };
		3B7B3E7E1D7E5B0D003DBF06 /* BaseWKWebView.h */ = {isa = PBXFileReference; fileEncoding = 4; lastKnownFileType = sourcecode.c.h; path = BaseWKWebView.h; sourceTree = "<group>"; };
		3B7B3E7F1D7E5B0D003DBF06 /* BaseWKWebView.m */ = {isa = PBXFileReference; fileEncoding = 4; lastKnownFileType = sourcecode.c.objc; path = BaseWKWebView.m; sourceTree = "<group>"; };
		3B7B3E821D7E61BD003DBF06 /* ProfessorTeamViewController.h */ = {isa = PBXFileReference; fileEncoding = 4; lastKnownFileType = sourcecode.c.h; path = ProfessorTeamViewController.h; sourceTree = "<group>"; };
		3B7B3E831D7E61BD003DBF06 /* ProfessorTeamViewController.m */ = {isa = PBXFileReference; fileEncoding = 4; lastKnownFileType = sourcecode.c.objc; path = ProfessorTeamViewController.m; sourceTree = "<group>"; };
		3B7B3E861D7EA8F9003DBF06 /* XXDActivityMessageVC.h */ = {isa = PBXFileReference; fileEncoding = 4; lastKnownFileType = sourcecode.c.h; path = XXDActivityMessageVC.h; sourceTree = "<group>"; };
		3B7B3E871D7EA8F9003DBF06 /* XXDActivityMessageVC.m */ = {isa = PBXFileReference; fileEncoding = 4; lastKnownFileType = sourcecode.c.objc; path = XXDActivityMessageVC.m; sourceTree = "<group>"; };
		3B7B3E891D7EAF01003DBF06 /* XXDActivityTableViewCell.h */ = {isa = PBXFileReference; fileEncoding = 4; lastKnownFileType = sourcecode.c.h; path = XXDActivityTableViewCell.h; sourceTree = "<group>"; };
		3B7B3E8A1D7EAF01003DBF06 /* XXDActivityTableViewCell.m */ = {isa = PBXFileReference; fileEncoding = 4; lastKnownFileType = sourcecode.c.objc; path = XXDActivityTableViewCell.m; sourceTree = "<group>"; };
		3B7B3E8D1D7EBECC003DBF06 /* XXDMyViewController.h */ = {isa = PBXFileReference; fileEncoding = 4; lastKnownFileType = sourcecode.c.h; path = XXDMyViewController.h; sourceTree = "<group>"; };
		3B7B3E8E1D7EBECC003DBF06 /* XXDMyViewController.m */ = {isa = PBXFileReference; fileEncoding = 4; lastKnownFileType = sourcecode.c.objc; path = XXDMyViewController.m; sourceTree = "<group>"; };
		3B7B3E951D7EC07D003DBF06 /* XXDMyActivityVC.h */ = {isa = PBXFileReference; fileEncoding = 4; lastKnownFileType = sourcecode.c.h; path = XXDMyActivityVC.h; sourceTree = "<group>"; };
		3B7B3E961D7EC07D003DBF06 /* XXDMyActivityVC.m */ = {isa = PBXFileReference; fileEncoding = 4; lastKnownFileType = sourcecode.c.objc; path = XXDMyActivityVC.m; sourceTree = "<group>"; };
		3B7B3E981D7EC0C6003DBF06 /* XXDMyActivityCell.h */ = {isa = PBXFileReference; fileEncoding = 4; lastKnownFileType = sourcecode.c.h; path = XXDMyActivityCell.h; sourceTree = "<group>"; };
		3B7B3E991D7EC0C6003DBF06 /* XXDMyActivityCell.m */ = {isa = PBXFileReference; fileEncoding = 4; lastKnownFileType = sourcecode.c.objc; path = XXDMyActivityCell.m; sourceTree = "<group>"; };
		3B8FF8C71D86750E003D5EC1 /* XXDLeftMarketViewController.h */ = {isa = PBXFileReference; fileEncoding = 4; lastKnownFileType = sourcecode.c.h; path = XXDLeftMarketViewController.h; sourceTree = "<group>"; };
		3B8FF8C81D86750E003D5EC1 /* XXDLeftMarketViewController.m */ = {isa = PBXFileReference; fileEncoding = 4; lastKnownFileType = sourcecode.c.objc; path = XXDLeftMarketViewController.m; sourceTree = "<group>"; };
		3BA5F7081DAF2600008271F4 /* FirmRegisterViewController.h */ = {isa = PBXFileReference; fileEncoding = 4; lastKnownFileType = sourcecode.c.h; path = FirmRegisterViewController.h; sourceTree = "<group>"; };
		3BA5F7091DAF2600008271F4 /* FirmRegisterViewController.m */ = {isa = PBXFileReference; fileEncoding = 4; lastKnownFileType = sourcecode.c.objc; path = FirmRegisterViewController.m; sourceTree = "<group>"; };
		3BAF05A41D93853A00CFB105 /* XXDTodayMakeListCell.h */ = {isa = PBXFileReference; fileEncoding = 4; lastKnownFileType = sourcecode.c.h; path = XXDTodayMakeListCell.h; sourceTree = "<group>"; };
		3BAF05A51D93853A00CFB105 /* XXDTodayMakeListCell.m */ = {isa = PBXFileReference; fileEncoding = 4; lastKnownFileType = sourcecode.c.objc; path = XXDTodayMakeListCell.m; sourceTree = "<group>"; };
		3BAF05A71D93A5F700CFB105 /* XXDTodayExchangeCell.h */ = {isa = PBXFileReference; fileEncoding = 4; lastKnownFileType = sourcecode.c.h; path = XXDTodayExchangeCell.h; sourceTree = "<group>"; };
		3BAF05A81D93A5F700CFB105 /* XXDTodayExchangeCell.m */ = {isa = PBXFileReference; fileEncoding = 4; lastKnownFileType = sourcecode.c.objc; path = XXDTodayExchangeCell.m; sourceTree = "<group>"; };
		3BAF05AA1D93AD8300CFB105 /* XXDHistoryMarketListCell.h */ = {isa = PBXFileReference; fileEncoding = 4; lastKnownFileType = sourcecode.c.h; path = XXDHistoryMarketListCell.h; sourceTree = "<group>"; };
		3BAF05AB1D93AD8300CFB105 /* XXDHistoryMarketListCell.m */ = {isa = PBXFileReference; fileEncoding = 4; lastKnownFileType = sourcecode.c.objc; path = XXDHistoryMarketListCell.m; sourceTree = "<group>"; };
		3BAF05AD1D93ADAA00CFB105 /* XXDHistoryExchangeCell.h */ = {isa = PBXFileReference; fileEncoding = 4; lastKnownFileType = sourcecode.c.h; path = XXDHistoryExchangeCell.h; sourceTree = "<group>"; };
		3BAF05AE1D93ADAA00CFB105 /* XXDHistoryExchangeCell.m */ = {isa = PBXFileReference; fileEncoding = 4; lastKnownFileType = sourcecode.c.objc; path = XXDHistoryExchangeCell.m; sourceTree = "<group>"; };
		3BBE4C701DAB7EAE0079F7A6 /* XXDProfessorTeamCell.h */ = {isa = PBXFileReference; fileEncoding = 4; lastKnownFileType = sourcecode.c.h; path = XXDProfessorTeamCell.h; sourceTree = "<group>"; };
		3BBE4C711DAB7EAE0079F7A6 /* XXDProfessorTeamCell.m */ = {isa = PBXFileReference; fileEncoding = 4; lastKnownFileType = sourcecode.c.objc; path = XXDProfessorTeamCell.m; sourceTree = "<group>"; };
		3BBE4C731DAB7ECE0079F7A6 /* XXDProfessorTeamModel.h */ = {isa = PBXFileReference; fileEncoding = 4; lastKnownFileType = sourcecode.c.h; path = XXDProfessorTeamModel.h; sourceTree = "<group>"; };
		3BBE4C741DAB7ECE0079F7A6 /* XXDProfessorTeamModel.m */ = {isa = PBXFileReference; fileEncoding = 4; lastKnownFileType = sourcecode.c.objc; path = XXDProfessorTeamModel.m; sourceTree = "<group>"; };
		6933F6961D790B7A009CB88F /* Default-568h@2x.png */ = {isa = PBXFileReference; lastKnownFileType = image.png; name = "Default-568h@2x.png"; path = "../Default-568h@2x.png"; sourceTree = "<group>"; };
		696BC0EF1DAB74D8003589C0 /* XXDSetupViewController.h */ = {isa = PBXFileReference; fileEncoding = 4; lastKnownFileType = sourcecode.c.h; path = XXDSetupViewController.h; sourceTree = "<group>"; };
		696BC0F01DAB74D8003589C0 /* XXDSetupViewController.m */ = {isa = PBXFileReference; fileEncoding = 4; lastKnownFileType = sourcecode.c.objc; path = XXDSetupViewController.m; sourceTree = "<group>"; };
		697D76341D781300008D7C94 /* XXD.app */ = {isa = PBXFileReference; explicitFileType = wrapper.application; includeInIndex = 0; path = XXD.app; sourceTree = BUILT_PRODUCTS_DIR; };
		697D76381D781300008D7C94 /* main.m */ = {isa = PBXFileReference; lastKnownFileType = sourcecode.c.objc; path = main.m; sourceTree = "<group>"; };
		697D763A1D781300008D7C94 /* XXDAppDelegate.h */ = {isa = PBXFileReference; lastKnownFileType = sourcecode.c.h; path = XXDAppDelegate.h; sourceTree = "<group>"; };
		697D763B1D781300008D7C94 /* XXDAppDelegate.m */ = {isa = PBXFileReference; lastKnownFileType = sourcecode.c.objc; path = XXDAppDelegate.m; sourceTree = "<group>"; };
		697D76431D781300008D7C94 /* Assets.xcassets */ = {isa = PBXFileReference; lastKnownFileType = folder.assetcatalog; path = Assets.xcassets; sourceTree = "<group>"; };
		697D76481D781300008D7C94 /* Info.plist */ = {isa = PBXFileReference; lastKnownFileType = text.plist.xml; path = Info.plist; sourceTree = "<group>"; };
		697D765A1D781BBC008D7C94 /* XXDMainTabController.h */ = {isa = PBXFileReference; fileEncoding = 4; lastKnownFileType = sourcecode.c.h; path = XXDMainTabController.h; sourceTree = "<group>"; };
		697D765B1D781BBC008D7C94 /* XXDMainTabController.m */ = {isa = PBXFileReference; fileEncoding = 4; lastKnownFileType = sourcecode.c.objc; path = XXDMainTabController.m; sourceTree = "<group>"; };
		697D76681D782911008D7C94 /* XXDHomeViewController.h */ = {isa = PBXFileReference; fileEncoding = 4; lastKnownFileType = sourcecode.c.h; path = XXDHomeViewController.h; sourceTree = "<group>"; };
		697D76691D782911008D7C94 /* XXDHomeViewController.m */ = {isa = PBXFileReference; fileEncoding = 4; lastKnownFileType = sourcecode.c.objc; path = XXDHomeViewController.m; sourceTree = "<group>"; };
		697D766B1D78292C008D7C94 /* XXDMarketViewController.h */ = {isa = PBXFileReference; fileEncoding = 4; lastKnownFileType = sourcecode.c.h; path = XXDMarketViewController.h; sourceTree = "<group>"; };
		697D766C1D78292C008D7C94 /* XXDMarketViewController.m */ = {isa = PBXFileReference; fileEncoding = 4; lastKnownFileType = sourcecode.c.objc; path = XXDMarketViewController.m; sourceTree = "<group>"; };
		697D766E1D782939008D7C94 /* XXDTradeViewController.h */ = {isa = PBXFileReference; fileEncoding = 4; lastKnownFileType = sourcecode.c.h; path = XXDTradeViewController.h; sourceTree = "<group>"; };
		697D766F1D782939008D7C94 /* XXDTradeViewController.m */ = {isa = PBXFileReference; fileEncoding = 4; lastKnownFileType = sourcecode.c.objc; path = XXDTradeViewController.m; sourceTree = "<group>"; };
		697D76711D782951008D7C94 /* XXDDiscoverViewController.h */ = {isa = PBXFileReference; fileEncoding = 4; lastKnownFileType = sourcecode.c.h; path = XXDDiscoverViewController.h; sourceTree = "<group>"; };
		697D76721D782951008D7C94 /* XXDDiscoverViewController.m */ = {isa = PBXFileReference; fileEncoding = 4; lastKnownFileType = sourcecode.c.objc; path = XXDDiscoverViewController.m; sourceTree = "<group>"; };
		697D76781D782E77008D7C94 /* Base */ = {isa = PBXFileReference; lastKnownFileType = file.storyboard; name = Base; path = Base.lproj/Main.storyboard; sourceTree = "<group>"; };
		69B1C60F1D7E4FE8000CA633 /* XXDLiveView.h */ = {isa = PBXFileReference; fileEncoding = 4; lastKnownFileType = sourcecode.c.h; path = XXDLiveView.h; sourceTree = "<group>"; };
		69B1C6101D7E4FE8000CA633 /* XXDLiveView.m */ = {isa = PBXFileReference; fileEncoding = 4; lastKnownFileType = sourcecode.c.objc; path = XXDLiveView.m; sourceTree = "<group>"; };
		69B1C6161D7E64FF000CA633 /* XXDLiveImage.h */ = {isa = PBXFileReference; fileEncoding = 4; lastKnownFileType = sourcecode.c.h; path = XXDLiveImage.h; sourceTree = "<group>"; };
		69B1C6171D7E64FF000CA633 /* XXDLiveImage.m */ = {isa = PBXFileReference; fileEncoding = 4; lastKnownFileType = sourcecode.c.objc; path = XXDLiveImage.m; sourceTree = "<group>"; };
		69B1C61A1D7EBD39000CA633 /* XXDTimeNewsCell.h */ = {isa = PBXFileReference; fileEncoding = 4; lastKnownFileType = sourcecode.c.h; path = XXDTimeNewsCell.h; sourceTree = "<group>"; };
		69B1C61B1D7EBD39000CA633 /* XXDTimeNewsCell.m */ = {isa = PBXFileReference; fileEncoding = 4; lastKnownFileType = sourcecode.c.objc; path = XXDTimeNewsCell.m; sourceTree = "<group>"; };
		69B1C61D1D7EBD61000CA633 /* XXDJinYinNiuPingCell.h */ = {isa = PBXFileReference; fileEncoding = 4; lastKnownFileType = sourcecode.c.h; path = XXDJinYinNiuPingCell.h; sourceTree = "<group>"; };
		69B1C61E1D7EBD61000CA633 /* XXDJinYinNiuPingCell.m */ = {isa = PBXFileReference; fileEncoding = 4; lastKnownFileType = sourcecode.c.objc; path = XXDJinYinNiuPingCell.m; sourceTree = "<group>"; };
		69B1C6211D7EC0D1000CA633 /* XXDTimeNews.h */ = {isa = PBXFileReference; fileEncoding = 4; lastKnownFileType = sourcecode.c.h; path = XXDTimeNews.h; sourceTree = "<group>"; };
		69B1C6221D7EC0D1000CA633 /* XXDTimeNews.m */ = {isa = PBXFileReference; fileEncoding = 4; lastKnownFileType = sourcecode.c.objc; path = XXDTimeNews.m; sourceTree = "<group>"; };
		69B1C6241D7EC12B000CA633 /* XXDJinYinNiuPing.h */ = {isa = PBXFileReference; fileEncoding = 4; lastKnownFileType = sourcecode.c.h; path = XXDJinYinNiuPing.h; sourceTree = "<group>"; };
		69B1C6251D7EC12B000CA633 /* XXDJinYinNiuPing.m */ = {isa = PBXFileReference; fileEncoding = 4; lastKnownFileType = sourcecode.c.objc; path = XXDJinYinNiuPing.m; sourceTree = "<group>"; };
		69B531C51D891F310055A9AE /* XXDNewerViewController.h */ = {isa = PBXFileReference; fileEncoding = 4; lastKnownFileType = sourcecode.c.h; path = XXDNewerViewController.h; sourceTree = "<group>"; };
		69B531C61D891F310055A9AE /* XXDNewerViewController.m */ = {isa = PBXFileReference; fileEncoding = 4; lastKnownFileType = sourcecode.c.objc; path = XXDNewerViewController.m; sourceTree = "<group>"; };
		69B89A6F1D7FFFCE009875E1 /* XXDLiveOnLineController.h */ = {isa = PBXFileReference; fileEncoding = 4; lastKnownFileType = sourcecode.c.h; path = XXDLiveOnLineController.h; sourceTree = "<group>"; };
		69B89A701D7FFFCE009875E1 /* XXDLiveOnLineController.m */ = {isa = PBXFileReference; fileEncoding = 4; lastKnownFileType = sourcecode.c.objc; path = XXDLiveOnLineController.m; sourceTree = "<group>"; };
		69B89A7D1D813723009875E1 /* firmBargainViewController.h */ = {isa = PBXFileReference; fileEncoding = 4; lastKnownFileType = sourcecode.c.h; path = firmBargainViewController.h; sourceTree = "<group>"; };
		69B89A7E1D813723009875E1 /* firmBargainViewController.m */ = {isa = PBXFileReference; fileEncoding = 4; lastKnownFileType = sourcecode.c.objc; path = firmBargainViewController.m; sourceTree = "<group>"; };
		69B89A811D81378F009875E1 /* XXDOrderBSView.h */ = {isa = PBXFileReference; fileEncoding = 4; lastKnownFileType = sourcecode.c.h; path = XXDOrderBSView.h; sourceTree = "<group>"; };
		69B89A821D81378F009875E1 /* XXDOrderBSView.m */ = {isa = PBXFileReference; fileEncoding = 4; lastKnownFileType = sourcecode.c.objc; path = XXDOrderBSView.m; sourceTree = "<group>"; };
		69B89A871D8137ED009875E1 /* XXDDelegateView.h */ = {isa = PBXFileReference; fileEncoding = 4; lastKnownFileType = sourcecode.c.h; path = XXDDelegateView.h; sourceTree = "<group>"; };
		69B89A881D8137ED009875E1 /* XXDDelegateView.m */ = {isa = PBXFileReference; fileEncoding = 4; lastKnownFileType = sourcecode.c.objc; path = XXDDelegateView.m; sourceTree = "<group>"; };
		69B89A8A1D813807009875E1 /* XXDHoldProductView.h */ = {isa = PBXFileReference; fileEncoding = 4; lastKnownFileType = sourcecode.c.h; path = XXDHoldProductView.h; sourceTree = "<group>"; };
		69B89A8B1D813807009875E1 /* XXDHoldProductView.m */ = {isa = PBXFileReference; fileEncoding = 4; lastKnownFileType = sourcecode.c.objc; path = XXDHoldProductView.m; sourceTree = "<group>"; };
		69BC4A581D9DFE460035328C /* XXDCalendar.h */ = {isa = PBXFileReference; fileEncoding = 4; lastKnownFileType = sourcecode.c.h; path = XXDCalendar.h; sourceTree = "<group>"; };
		69BC4A591D9DFE460035328C /* XXDCalendar.m */ = {isa = PBXFileReference; fileEncoding = 4; lastKnownFileType = sourcecode.c.objc; path = XXDCalendar.m; sourceTree = "<group>"; };
		69BC4A5B1D9DFEE10035328C /* DateView.h */ = {isa = PBXFileReference; fileEncoding = 4; lastKnownFileType = sourcecode.c.h; path = DateView.h; sourceTree = "<group>"; };
		69BC4A5C1D9DFEE10035328C /* DateView.m */ = {isa = PBXFileReference; fileEncoding = 4; lastKnownFileType = sourcecode.c.objc; path = DateView.m; sourceTree = "<group>"; };
		69BC4A5E1D9DFF140035328C /* XXDCalendarCell.h */ = {isa = PBXFileReference; fileEncoding = 4; lastKnownFileType = sourcecode.c.h; path = XXDCalendarCell.h; sourceTree = "<group>"; };
		69BC4A5F1D9DFF140035328C /* XXDCalendarCell.m */ = {isa = PBXFileReference; fileEncoding = 4; lastKnownFileType = sourcecode.c.objc; path = XXDCalendarCell.m; sourceTree = "<group>"; };
		69BFEA641DAC8CBC001F57D1 /* XXDPersonalInfoViewController.h */ = {isa = PBXFileReference; fileEncoding = 4; lastKnownFileType = sourcecode.c.h; path = XXDPersonalInfoViewController.h; sourceTree = "<group>"; };
		69BFEA651DAC8CBC001F57D1 /* XXDPersonalInfoViewController.m */ = {isa = PBXFileReference; fileEncoding = 4; lastKnownFileType = sourcecode.c.objc; path = XXDPersonalInfoViewController.m; sourceTree = "<group>"; };
		69BFEA671DAC8DE2001F57D1 /* XXDUserFeedbackViewController.h */ = {isa = PBXFileReference; fileEncoding = 4; lastKnownFileType = sourcecode.c.h; path = XXDUserFeedbackViewController.h; sourceTree = "<group>"; };
		69BFEA681DAC8DE2001F57D1 /* XXDUserFeedbackViewController.m */ = {isa = PBXFileReference; fileEncoding = 4; lastKnownFileType = sourcecode.c.objc; path = XXDUserFeedbackViewController.m; sourceTree = "<group>"; };
		69C1058C1D936E8A00F4D3AE /* PopViewControllerDelegate.h */ = {isa = PBXFileReference; fileEncoding = 4; lastKnownFileType = sourcecode.c.h; path = PopViewControllerDelegate.h; sourceTree = "<group>"; };
		69C1058D1D93852F00F4D3AE /* XXDCustomNavigation.h */ = {isa = PBXFileReference; fileEncoding = 4; lastKnownFileType = sourcecode.c.h; path = XXDCustomNavigation.h; sourceTree = "<group>"; };
		69C1058E1D93852F00F4D3AE /* XXDCustomNavigation.m */ = {isa = PBXFileReference; fileEncoding = 4; lastKnownFileType = sourcecode.c.objc; path = XXDCustomNavigation.m; sourceTree = "<group>"; };
		69C40D1A1D7D463000872C23 /* UIButton+XXD.h */ = {isa = PBXFileReference; fileEncoding = 4; lastKnownFileType = sourcecode.c.h; path = "UIButton+XXD.h"; sourceTree = "<group>"; };
		69C40D1B1D7D463000872C23 /* UIButton+XXD.m */ = {isa = PBXFileReference; fileEncoding = 4; lastKnownFileType = sourcecode.c.objc; path = "UIButton+XXD.m"; sourceTree = "<group>"; };
		69C5BCA91D9A420C005CF969 /* XXDOrderSwapsBSCell.h */ = {isa = PBXFileReference; fileEncoding = 4; lastKnownFileType = sourcecode.c.h; path = XXDOrderSwapsBSCell.h; sourceTree = "<group>"; };
		69C5BCAA1D9A420C005CF969 /* XXDOrderSwapsBSCell.m */ = {isa = PBXFileReference; fileEncoding = 4; lastKnownFileType = sourcecode.c.objc; path = XXDOrderSwapsBSCell.m; sourceTree = "<group>"; };
		69C5BCAD1D9A4307005CF969 /* XXDOrderSwapsBS.h */ = {isa = PBXFileReference; fileEncoding = 4; lastKnownFileType = sourcecode.c.h; path = XXDOrderSwapsBS.h; sourceTree = "<group>"; };
		69C5BCAE1D9A4307005CF969 /* XXDOrderSwapsBS.m */ = {isa = PBXFileReference; fileEncoding = 4; lastKnownFileType = sourcecode.c.objc; path = XXDOrderSwapsBS.m; sourceTree = "<group>"; };
		69C5BCB01D9A51AC005CF969 /* XXDOrderSwapsBSViewModel.h */ = {isa = PBXFileReference; fileEncoding = 4; lastKnownFileType = sourcecode.c.h; path = XXDOrderSwapsBSViewModel.h; sourceTree = "<group>"; };
		69C5BCB11D9A51AC005CF969 /* XXDOrderSwapsBSViewModel.m */ = {isa = PBXFileReference; fileEncoding = 4; lastKnownFileType = sourcecode.c.objc; path = XXDOrderSwapsBSViewModel.m; sourceTree = "<group>"; };
		69D54A981D9B5A58007D033D /* XXDDelegate.h */ = {isa = PBXFileReference; fileEncoding = 4; lastKnownFileType = sourcecode.c.h; path = XXDDelegate.h; sourceTree = "<group>"; };
		69D54A991D9B5A58007D033D /* XXDDelegate.m */ = {isa = PBXFileReference; fileEncoding = 4; lastKnownFileType = sourcecode.c.objc; path = XXDDelegate.m; sourceTree = "<group>"; };
		69D54A9B1D9B603A007D033D /* XXDDelegateCell.h */ = {isa = PBXFileReference; fileEncoding = 4; lastKnownFileType = sourcecode.c.h; path = XXDDelegateCell.h; sourceTree = "<group>"; };
		69D54A9C1D9B603A007D033D /* XXDDelegateCell.m */ = {isa = PBXFileReference; fileEncoding = 4; lastKnownFileType = sourcecode.c.objc; path = XXDDelegateCell.m; sourceTree = "<group>"; };
		69E1C6291D8793AD00ED2735 /* XXDHotTradeViewController.h */ = {isa = PBXFileReference; fileEncoding = 4; lastKnownFileType = sourcecode.c.h; path = XXDHotTradeViewController.h; sourceTree = "<group>"; };
		69E1C62A1D8793AD00ED2735 /* XXDHotTradeViewController.m */ = {isa = PBXFileReference; fileEncoding = 4; lastKnownFileType = sourcecode.c.objc; path = XXDHotTradeViewController.m; sourceTree = "<group>"; };
		69E1C62C1D87970C00ED2735 /* XXDHotTrade.h */ = {isa = PBXFileReference; fileEncoding = 4; lastKnownFileType = sourcecode.c.h; path = XXDHotTrade.h; sourceTree = "<group>"; };
		69E1C62D1D87970C00ED2735 /* XXDHotTrade.m */ = {isa = PBXFileReference; fileEncoding = 4; lastKnownFileType = sourcecode.c.objc; path = XXDHotTrade.m; sourceTree = "<group>"; };
		69E1C62F1D879B0400ED2735 /* XXDHotTradeCell.h */ = {isa = PBXFileReference; fileEncoding = 4; lastKnownFileType = sourcecode.c.h; path = XXDHotTradeCell.h; sourceTree = "<group>"; };
		69E1C6301D879B0400ED2735 /* XXDHotTradeCell.m */ = {isa = PBXFileReference; fileEncoding = 4; lastKnownFileType = sourcecode.c.objc; path = XXDHotTradeCell.m; sourceTree = "<group>"; };
		69E1C6321D87CD6F00ED2735 /* XXDHotTradeLabel.h */ = {isa = PBXFileReference; fileEncoding = 4; lastKnownFileType = sourcecode.c.h; path = XXDHotTradeLabel.h; sourceTree = "<group>"; };
		69E1C6331D87CD6F00ED2735 /* XXDHotTradeLabel.m */ = {isa = PBXFileReference; fileEncoding = 4; lastKnownFileType = sourcecode.c.objc; path = XXDHotTradeLabel.m; sourceTree = "<group>"; };
		69E1C6361D87EE3300ED2735 /* XXDLiveNewViewController.h */ = {isa = PBXFileReference; fileEncoding = 4; lastKnownFileType = sourcecode.c.h; path = XXDLiveNewViewController.h; sourceTree = "<group>"; };
		69E1C6371D87EE3300ED2735 /* XXDLiveNewViewController.m */ = {isa = PBXFileReference; fileEncoding = 4; lastKnownFileType = sourcecode.c.objc; path = XXDLiveNewViewController.m; sourceTree = "<group>"; };
		8A1EB41BB141BBB1A5B05B48 /* Pods-XXD.debug.xcconfig */ = {isa = PBXFileReference; includeInIndex = 1; lastKnownFileType = text.xcconfig; name = "Pods-XXD.debug.xcconfig"; path = "Pods/Target Support Files/Pods-XXD/Pods-XXD.debug.xcconfig"; sourceTree = "<group>"; };
		B431A3CF173B42D828D67E6C /* Pods-XXD.release.xcconfig */ = {isa = PBXFileReference; includeInIndex = 1; lastKnownFileType = text.xcconfig; name = "Pods-XXD.release.xcconfig"; path = "Pods/Target Support Files/Pods-XXD/Pods-XXD.release.xcconfig"; sourceTree = "<group>"; };
/* End PBXFileReference section */

/* Begin PBXFrameworksBuildPhase section */
		697D76311D781300008D7C94 /* Frameworks */ = {
			isa = PBXFrameworksBuildPhase;
			buildActionMask = 2147483647;
			files = (
				0F863EDD7DC62F1E2F344F8F /* libPods-XXD.a in Frameworks */,
			);
			runOnlyForDeploymentPostprocessing = 0;
		};
/* End PBXFrameworksBuildPhase section */

/* Begin PBXGroup section */
		2AA9BF295D8B6657288ACEE5 /* Frameworks */ = {
			isa = PBXGroup;
			children = (
				1696AF4DC74005A5A3024F13 /* libPods-XXD.a */,
			);
			name = Frameworks;
			sourceTree = "<group>";
		};
		3B2EC0231D878A050019A72E /* Calendar */ = {
			isa = PBXGroup;
			children = (
				3B2EC0241D878A290019A72E /* XXDCalendarViewController.h */,
				3B2EC0251D878A290019A72E /* XXDCalendarViewController.m */,
				69BC4A581D9DFE460035328C /* XXDCalendar.h */,
				69BC4A591D9DFE460035328C /* XXDCalendar.m */,
				69BC4A5E1D9DFF140035328C /* XXDCalendarCell.h */,
				69BC4A5F1D9DFF140035328C /* XXDCalendarCell.m */,
				69BC4A5B1D9DFEE10035328C /* DateView.h */,
				69BC4A5C1D9DFEE10035328C /* DateView.m */,
			);
			path = Calendar;
			sourceTree = "<group>";
		};
		3B2EC02D1D87938B0019A72E /* HotActivity */ = {
			isa = PBXGroup;
			children = (
				3B2EC02E1D8793A30019A72E /* XXDHotActivityViewController.h */,
				3B2EC02F1D8793A30019A72E /* XXDHotActivityViewController.m */,
			);
			path = HotActivity;
			sourceTree = "<group>";
		};
		3B2EC0311D87CB8F0019A72E /* LoginAndRegister */ = {
			isa = PBXGroup;
			children = (
				3B2EC0321D87CBC60019A72E /* XXDRegisterViewController.h */,
				3B2EC0331D87CBC60019A72E /* XXDRegisterViewController.m */,
				3B2EC0351D87CC7D0019A72E /* XXDRegisterSecondViewController.h */,
				3B2EC0361D87CC7D0019A72E /* XXDRegisterSecondViewController.m */,
				3B2EC0381D87CCA50019A72E /* XXDLoginViewController.h */,
				3B2EC0391D87CCA50019A72E /* XXDLoginViewController.m */,
				3B6C690D1D9B5B0100C1CB1A /* XXDFindPwdViewController.h */,
				3B6C690E1D9B5B0100C1CB1A /* XXDFindPwdViewController.m */,
				3B6C69101D9B5B1900C1CB1A /* XXDFindPwdSecondViewController.h */,
				3B6C69111D9B5B1900C1CB1A /* XXDFindPwdSecondViewController.m */,
			);
			path = LoginAndRegister;
			sourceTree = "<group>";
		};
		3B60B8831D7D3D08002AA667 /* MoreVarieties */ = {
			isa = PBXGroup;
			children = (
				3B60B8841D7D3D08002AA667 /* ItemTableViewCell.h */,
				3B60B8851D7D3D08002AA667 /* ItemTableViewCell.m */,
				3B60B8861D7D3D08002AA667 /* MoreDetailModel.h */,
				3B60B8871D7D3D08002AA667 /* MoreDetailModel.m */,
			);
			path = MoreVarieties;
			sourceTree = "<group>";
		};
		3B60B8A01D7D3D8A002AA667 /* Varieties */ = {
			isa = PBXGroup;
			children = (
				3B60B8A11D7D3D8A002AA667 /* VarietiesView.h */,
				3B60B8A21D7D3D8A002AA667 /* VarietiesView.m */,
				3B60B8A31D7D3D8A002AA667 /* VarietyModel.h */,
				3B60B8A41D7D3D8A002AA667 /* VarietyModel.m */,
			);
			path = Varieties;
			sourceTree = "<group>";
		};
		3B6C69131D9B642400C1CB1A /* MyAccount */ = {
			isa = PBXGroup;
			children = (
				3B6C69141D9B643800C1CB1A /* XXDMyAccountViewController.h */,
				3B6C69151D9B643800C1CB1A /* XXDMyAccountViewController.m */,
			);
			path = MyAccount;
			sourceTree = "<group>";
		};
		3B6F5F371D8007BD0058D2DE /* MyOptional */ = {
			isa = PBXGroup;
			children = (
			);
			path = MyOptional;
			sourceTree = "<group>";
		};
		3B6F5F381D8007FF0058D2DE /* MyFirmAccount */ = {
			isa = PBXGroup;
			children = (
				3B6F5F391D8008350058D2DE /* XXDMyFirmAccountVC.h */,
				3B6F5F3A1D8008350058D2DE /* XXDMyFirmAccountVC.m */,
				3B355B701D80F8F1008C8376 /* XXDMyAccountInfoVC.h */,
				3B355B711D80F8F1008C8376 /* XXDMyAccountInfoVC.m */,
				3B355B761D815709008C8376 /* XXDTodayMakeListVC.h */,
				3B355B771D815709008C8376 /* XXDTodayMakeListVC.m */,
				3BAF05A41D93853A00CFB105 /* XXDTodayMakeListCell.h */,
				3BAF05A51D93853A00CFB105 /* XXDTodayMakeListCell.m */,
				3B355B791D81573E008C8376 /* XXDTodayExchangeListVC.h */,
				3B355B7A1D81573E008C8376 /* XXDTodayExchangeListVC.m */,
				3BAF05A71D93A5F700CFB105 /* XXDTodayExchangeCell.h */,
				3BAF05A81D93A5F700CFB105 /* XXDTodayExchangeCell.m */,
				3B355B7C1D81576C008C8376 /* XXDHistoryMakeListVC.h */,
				3B355B7D1D81576C008C8376 /* XXDHistoryMakeListVC.m */,
				3BAF05AA1D93AD8300CFB105 /* XXDHistoryMarketListCell.h */,
				3BAF05AB1D93AD8300CFB105 /* XXDHistoryMarketListCell.m */,
				3B355B821D8158F4008C8376 /* XXDHistoryExchangeListVC.h */,
				3B355B831D8158F4008C8376 /* XXDHistoryExchangeListVC.m */,
				3BAF05AD1D93ADAA00CFB105 /* XXDHistoryExchangeCell.h */,
				3BAF05AE1D93ADAA00CFB105 /* XXDHistoryExchangeCell.m */,
			);
			path = MyFirmAccount;
			sourceTree = "<group>";
		};
		3B7B3E641D7E559D003DBF06 /* DayInvestment */ = {
			isa = PBXGroup;
			children = (
				3B7B3E6F1D7E564D003DBF06 /* DayInvestmentCell.h */,
				3B7B3E701D7E564D003DBF06 /* DayInvestmentCell.m */,
				3B7B3E711D7E564D003DBF06 /* DaysDetailController.h */,
				3B7B3E721D7E564D003DBF06 /* DaysDetailController.m */,
				3B7B3E731D7E564D003DBF06 /* DaysInvestmentModel.h */,
				3B7B3E741D7E564D003DBF06 /* DaysInvestmentModel.m */,
				3B7B3E751D7E564D003DBF06 /* DaysInvestmentViewController.h */,
				3B7B3E761D7E564D003DBF06 /* DaysInvestmentViewController.m */,
			);
			path = DayInvestment;
			sourceTree = "<group>";
		};
		3B7B3E651D7E559D003DBF06 /* ProfitSkill */ = {
			isa = PBXGroup;
			children = (
				3B7B3E661D7E5632003DBF06 /* ProfitSkillCell.h */,
				3B7B3E671D7E5632003DBF06 /* ProfitSkillCell.m */,
				3B7B3E681D7E5632003DBF06 /* ProfitSkillModel.h */,
				3B7B3E691D7E5632003DBF06 /* ProfitSkillModel.m */,
				3B7B3E6A1D7E5632003DBF06 /* ProfitSkillViewController.h */,
				3B7B3E6B1D7E5632003DBF06 /* ProfitSkillViewController.m */,
			);
			path = ProfitSkill;
			sourceTree = "<group>";
		};
		3B7B3E811D7E61A7003DBF06 /* ProfessorTeam */ = {
			isa = PBXGroup;
			children = (
				3B7B3E821D7E61BD003DBF06 /* ProfessorTeamViewController.h */,
				3B7B3E831D7E61BD003DBF06 /* ProfessorTeamViewController.m */,
				3BBE4C701DAB7EAE0079F7A6 /* XXDProfessorTeamCell.h */,
				3BBE4C711DAB7EAE0079F7A6 /* XXDProfessorTeamCell.m */,
				3BBE4C731DAB7ECE0079F7A6 /* XXDProfessorTeamModel.h */,
				3BBE4C741DAB7ECE0079F7A6 /* XXDProfessorTeamModel.m */,
				3B732BA11DAC72470042B494 /* XXDProfessorDetailViewController.h */,
				3B732BA21DAC72470042B494 /* XXDProfessorDetailViewController.m */,
			);
			path = ProfessorTeam;
			sourceTree = "<group>";
		};
		3B7B3E851D7EA8AC003DBF06 /* ActivityMessage */ = {
			isa = PBXGroup;
			children = (
				3B7B3E861D7EA8F9003DBF06 /* XXDActivityMessageVC.h */,
				3B7B3E871D7EA8F9003DBF06 /* XXDActivityMessageVC.m */,
				3B7B3E891D7EAF01003DBF06 /* XXDActivityTableViewCell.h */,
				3B7B3E8A1D7EAF01003DBF06 /* XXDActivityTableViewCell.m */,
			);
			path = ActivityMessage;
			sourceTree = "<group>";
		};
		3B7B3E8C1D7EBE72003DBF06 /* Mine */ = {
			isa = PBXGroup;
			children = (
				696BC0EE1DAB74CA003589C0 /* Setup */,
				3B6C69131D9B642400C1CB1A /* MyAccount */,
				3B2EC0311D87CB8F0019A72E /* LoginAndRegister */,
				69B89A751D810378009875E1 /* Trade */,
				3B6F5F381D8007FF0058D2DE /* MyFirmAccount */,
				3B6F5F371D8007BD0058D2DE /* MyOptional */,
				3B7B3E901D7EC041003DBF06 /* AbountUs */,
				3B7B3E911D7EC041003DBF06 /* CallUs */,
				3B7B3E921D7EC041003DBF06 /* MyActivity */,
				3B7B3E941D7EC041003DBF06 /* UserHelp */,
				3B7B3E8D1D7EBECC003DBF06 /* XXDMyViewController.h */,
				3B7B3E8E1D7EBECC003DBF06 /* XXDMyViewController.m */,
			);
			path = Mine;
			sourceTree = "<group>";
		};
		3B7B3E901D7EC041003DBF06 /* AbountUs */ = {
			isa = PBXGroup;
			children = (
				3B6F5F141D7FAFC60058D2DE /* AboutXiDuViewController.h */,
				3B6F5F151D7FAFC60058D2DE /* AboutXiDuViewController.m */,
				3B24B2FF1D9272DE004FAC80 /* CustomScrollViewController.h */,
				3B24B3001D9272DE004FAC80 /* CustomScrollViewController.m */,
				3B6F5F181D7FAFFE0058D2DE /* ContactUsViewController.h */,
				3B6F5F191D7FAFFE0058D2DE /* ContactUsViewController.m */,
				3B6F5F1A1D7FAFFE0058D2DE /* ExchangeInfoViewController.h */,
				3B6F5F1B1D7FAFFE0058D2DE /* ExchangeInfoViewController.m */,
				3B6F5F1C1D7FAFFE0058D2DE /* XiDuInfoViewController.h */,
				3B6F5F1D1D7FAFFE0058D2DE /* XiDuInfoViewController.m */,
				3B6F5F201D7FAFFE0058D2DE /* XiDuNewsDetailViewController.h */,
				3B6F5F211D7FAFFE0058D2DE /* XiDuNewsDetailViewController.m */,
				3B6F5F1E1D7FAFFE0058D2DE /* XiDuNewsCell.h */,
				3B6F5F1F1D7FAFFE0058D2DE /* XiDuNewsCell.m */,
				3B6F5F221D7FAFFE0058D2DE /* XiDuNewsModel.h */,
				3B6F5F231D7FAFFE0058D2DE /* XiDuNewsModel.m */,
				3B6F5F241D7FAFFE0058D2DE /* XiDuNewsViewController.h */,
				3B6F5F251D7FAFFE0058D2DE /* XiDuNewsViewController.m */,
			);
			path = AbountUs;
			sourceTree = "<group>";
		};
		3B7B3E911D7EC041003DBF06 /* CallUs */ = {
			isa = PBXGroup;
			children = (
			);
			path = CallUs;
			sourceTree = "<group>";
		};
		3B7B3E921D7EC041003DBF06 /* MyActivity */ = {
			isa = PBXGroup;
			children = (
				3B7B3E951D7EC07D003DBF06 /* XXDMyActivityVC.h */,
				3B7B3E961D7EC07D003DBF06 /* XXDMyActivityVC.m */,
				3B7B3E981D7EC0C6003DBF06 /* XXDMyActivityCell.h */,
				3B7B3E991D7EC0C6003DBF06 /* XXDMyActivityCell.m */,
				3B2CAAC61DAB3B1C000BD24B /* XXDMyActivityModel.h */,
				3B2CAAC71DAB3B1C000BD24B /* XXDMyActivityModel.m */,
			);
			path = MyActivity;
			sourceTree = "<group>";
		};
		3B7B3E941D7EC041003DBF06 /* UserHelp */ = {
			isa = PBXGroup;
			children = (
			);
			path = UserHelp;
			sourceTree = "<group>";
		};
		573BDCCF535E29EBAB88DE8C /* Pods */ = {
			isa = PBXGroup;
			children = (
				8A1EB41BB141BBB1A5B05B48 /* Pods-XXD.debug.xcconfig */,
				B431A3CF173B42D828D67E6C /* Pods-XXD.release.xcconfig */,
			);
			name = Pods;
			sourceTree = "<group>";
		};
		696BC0EE1DAB74CA003589C0 /* Setup */ = {
			isa = PBXGroup;
			children = (
				696BC0EF1DAB74D8003589C0 /* XXDSetupViewController.h */,
				696BC0F01DAB74D8003589C0 /* XXDSetupViewController.m */,
				69BFEA641DAC8CBC001F57D1 /* XXDPersonalInfoViewController.h */,
				69BFEA651DAC8CBC001F57D1 /* XXDPersonalInfoViewController.m */,
				69BFEA671DAC8DE2001F57D1 /* XXDUserFeedbackViewController.h */,
				69BFEA681DAC8DE2001F57D1 /* XXDUserFeedbackViewController.m */,
			);
			path = Setup;
			sourceTree = "<group>";
		};
		697D762B1D781300008D7C94 = {
			isa = PBXGroup;
			children = (
				697D76361D781300008D7C94 /* XXD */,
				697D76351D781300008D7C94 /* Products */,
				573BDCCF535E29EBAB88DE8C /* Pods */,
				2AA9BF295D8B6657288ACEE5 /* Frameworks */,
			);
			sourceTree = "<group>";
		};
		697D76351D781300008D7C94 /* Products */ = {
			isa = PBXGroup;
			children = (
				697D76341D781300008D7C94 /* XXD.app */,
			);
			name = Products;
			sourceTree = "<group>";
		};
		697D76361D781300008D7C94 /* XXD */ = {
			isa = PBXGroup;
			children = (
				697D763A1D781300008D7C94 /* XXDAppDelegate.h */,
				697D763B1D781300008D7C94 /* XXDAppDelegate.m */,
				697D76511D781B9E008D7C94 /* Common */,
				697D76541D781B9E008D7C94 /* Sections */,
				69C40D181D7D1D9000872C23 /* Category */,
				697D76431D781300008D7C94 /* Assets.xcassets */,
				697D76771D782E77008D7C94 /* Main.storyboard */,
				697D76481D781300008D7C94 /* Info.plist */,
				6933F6961D790B7A009CB88F /* Default-568h@2x.png */,
				697D76371D781300008D7C94 /* Supporting Files */,
			);
			path = XXD;
			sourceTree = "<group>";
		};
		697D76371D781300008D7C94 /* Supporting Files */ = {
			isa = PBXGroup;
			children = (
				697D76381D781300008D7C94 /* main.m */,
			);
			name = "Supporting Files";
			sourceTree = "<group>";
		};
		697D76511D781B9E008D7C94 /* Common */ = {
			isa = PBXGroup;
			children = (
				69B1C6121D7E64A5000CA633 /* Model */,
				69B1C60E1D7E4FC6000CA633 /* View */,
				697D76521D781B9E008D7C94 /* Controller */,
			);
			path = Common;
			sourceTree = "<group>";
		};
		697D76521D781B9E008D7C94 /* Controller */ = {
			isa = PBXGroup;
			children = (
				697D765A1D781BBC008D7C94 /* XXDMainTabController.h */,
				697D765B1D781BBC008D7C94 /* XXDMainTabController.m */,
				3B6F5F2D1D7FB0F00058D2DE /* BaseWebRequest.h */,
				3B6F5F2E1D7FB0F00058D2DE /* BaseWebRequest.m */,
			);
			path = Controller;
			sourceTree = "<group>";
		};
		697D76541D781B9E008D7C94 /* Sections */ = {
			isa = PBXGroup;
			children = (
				3B7B3E8C1D7EBE72003DBF06 /* Mine */,
				697D76561D781B9E008D7C94 /* Home */,
				697D76571D781B9E008D7C94 /* Market */,
				697D76591D781B9E008D7C94 /* Trade */,
				697D76551D781B9E008D7C94 /* Discover */,
			);
			path = Sections;
			sourceTree = "<group>";
		};
		697D76551D781B9E008D7C94 /* Discover */ = {
			isa = PBXGroup;
			children = (
				69B531C11D891ED80055A9AE /* NoviceGettingStarted */,
				69B89A6B1D7FFDC1009875E1 /* LiveOnLine */,
				3B7B3E851D7EA8AC003DBF06 /* ActivityMessage */,
				3B7B3E811D7E61A7003DBF06 /* ProfessorTeam */,
				3B7B3E641D7E559D003DBF06 /* DayInvestment */,
				3B7B3E651D7E559D003DBF06 /* ProfitSkill */,
				697D76661D7828BF008D7C94 /* Controller */,
			);
			path = Discover;
			sourceTree = "<group>";
		};
		697D76561D781B9E008D7C94 /* Home */ = {
			isa = PBXGroup;
			children = (
				69E1C6351D87E64300ED2735 /* LiveNew */,
				3B2EC02D1D87938B0019A72E /* HotActivity */,
				3B2EC0231D878A050019A72E /* Calendar */,
				69B1C6201D7EC0BD000CA633 /* Model */,
				69B1C6191D7EBCE7000CA633 /* View */,
				697D76631D7828AD008D7C94 /* Controller */,
			);
			path = Home;
			sourceTree = "<group>";
		};
		697D76571D781B9E008D7C94 /* Market */ = {
			isa = PBXGroup;
			children = (
				697D76641D7828B3008D7C94 /* Controller */,
			);
			path = Market;
			sourceTree = "<group>";
		};
		697D76591D781B9E008D7C94 /* Trade */ = {
			isa = PBXGroup;
			children = (
				697D76651D7828B9008D7C94 /* Controller */,
			);
			path = Trade;
			sourceTree = "<group>";
		};
		697D76631D7828AD008D7C94 /* Controller */ = {
			isa = PBXGroup;
			children = (
				697D76681D782911008D7C94 /* XXDHomeViewController.h */,
				697D76691D782911008D7C94 /* XXDHomeViewController.m */,
				69E1C6291D8793AD00ED2735 /* XXDHotTradeViewController.h */,
				69E1C62A1D8793AD00ED2735 /* XXDHotTradeViewController.m */,
			);
			path = Controller;
			sourceTree = "<group>";
		};
		697D76641D7828B3008D7C94 /* Controller */ = {
			isa = PBXGroup;
			children = (
				697D766B1D78292C008D7C94 /* XXDMarketViewController.h */,
				697D766C1D78292C008D7C94 /* XXDMarketViewController.m */,
				3B6F5F301D7FDAF00058D2DE /* XXDSearchViewController.h */,
				3B6F5F311D7FDAF00058D2DE /* XXDSearchViewController.m */,
				3B7B3E5F1D7E515A003DBF06 /* XXDQuotationViewController.h */,
				3B7B3E601D7E515A003DBF06 /* XXDQuotationViewController.m */,
				3B8FF8C71D86750E003D5EC1 /* XXDLeftMarketViewController.h */,
				3B8FF8C81D86750E003D5EC1 /* XXDLeftMarketViewController.m */,
				3B60B8A01D7D3D8A002AA667 /* Varieties */,
				3B60B8831D7D3D08002AA667 /* MoreVarieties */,
			);
			path = Controller;
			sourceTree = "<group>";
		};
		697D76651D7828B9008D7C94 /* Controller */ = {
			isa = PBXGroup;
			children = (
				697D766E1D782939008D7C94 /* XXDTradeViewController.h */,
				697D766F1D782939008D7C94 /* XXDTradeViewController.m */,
				3B4E9E201D98ACFB00190989 /* FirmLoginViewController.h */,
				3B4E9E211D98ACFB00190989 /* FirmLoginViewController.m */,
				3BA5F7081DAF2600008271F4 /* FirmRegisterViewController.h */,
				3BA5F7091DAF2600008271F4 /* FirmRegisterViewController.m */,
				3B355B731D8149D6008C8376 /* AuthcodeView.h */,
				3B355B741D8149D6008C8376 /* AuthcodeView.m */,
			);
			path = Controller;
			sourceTree = "<group>";
		};
		697D76661D7828BF008D7C94 /* Controller */ = {
			isa = PBXGroup;
			children = (
				3B7B3E7E1D7E5B0D003DBF06 /* BaseWKWebView.h */,
				3B7B3E7F1D7E5B0D003DBF06 /* BaseWKWebView.m */,
				3B7B3E7B1D7E56B0003DBF06 /* BaseTableView.h */,
				3B7B3E7C1D7E56B0003DBF06 /* BaseTableView.m */,
				697D76711D782951008D7C94 /* XXDDiscoverViewController.h */,
				697D76721D782951008D7C94 /* XXDDiscoverViewController.m */,
			);
			path = Controller;
			sourceTree = "<group>";
		};
		69B1C60E1D7E4FC6000CA633 /* View */ = {
			isa = PBXGroup;
			children = (
				69B1C60F1D7E4FE8000CA633 /* XXDLiveView.h */,
				69B1C6101D7E4FE8000CA633 /* XXDLiveView.m */,
			);
			path = View;
			sourceTree = "<group>";
		};
		69B1C6121D7E64A5000CA633 /* Model */ = {
			isa = PBXGroup;
			children = (
				69B1C6161D7E64FF000CA633 /* XXDLiveImage.h */,
				69B1C6171D7E64FF000CA633 /* XXDLiveImage.m */,
				69C1058C1D936E8A00F4D3AE /* PopViewControllerDelegate.h */,
				69C1058D1D93852F00F4D3AE /* XXDCustomNavigation.h */,
				69C1058E1D93852F00F4D3AE /* XXDCustomNavigation.m */,
			);
			path = Model;
			sourceTree = "<group>";
		};
		69B1C6191D7EBCE7000CA633 /* View */ = {
			isa = PBXGroup;
			children = (
				69B1C61A1D7EBD39000CA633 /* XXDTimeNewsCell.h */,
				69B1C61B1D7EBD39000CA633 /* XXDTimeNewsCell.m */,
				69B1C61D1D7EBD61000CA633 /* XXDJinYinNiuPingCell.h */,
				69B1C61E1D7EBD61000CA633 /* XXDJinYinNiuPingCell.m */,
				69E1C62F1D879B0400ED2735 /* XXDHotTradeCell.h */,
				69E1C6301D879B0400ED2735 /* XXDHotTradeCell.m */,
				69E1C6321D87CD6F00ED2735 /* XXDHotTradeLabel.h */,
				69E1C6331D87CD6F00ED2735 /* XXDHotTradeLabel.m */,
			);
			path = View;
			sourceTree = "<group>";
		};
		69B1C6201D7EC0BD000CA633 /* Model */ = {
			isa = PBXGroup;
			children = (
				69B1C6211D7EC0D1000CA633 /* XXDTimeNews.h */,
				69B1C6221D7EC0D1000CA633 /* XXDTimeNews.m */,
				69B1C6241D7EC12B000CA633 /* XXDJinYinNiuPing.h */,
				69B1C6251D7EC12B000CA633 /* XXDJinYinNiuPing.m */,
				69E1C62C1D87970C00ED2735 /* XXDHotTrade.h */,
				69E1C62D1D87970C00ED2735 /* XXDHotTrade.m */,
			);
			path = Model;
			sourceTree = "<group>";
		};
		69B531C11D891ED80055A9AE /* NoviceGettingStarted */ = {
			isa = PBXGroup;
			children = (
				69B531C51D891F310055A9AE /* XXDNewerViewController.h */,
				69B531C61D891F310055A9AE /* XXDNewerViewController.m */,
			);
			path = NoviceGettingStarted;
			sourceTree = "<group>";
		};
		69B89A6B1D7FFDC1009875E1 /* LiveOnLine */ = {
			isa = PBXGroup;
			children = (
				69B89A6F1D7FFFCE009875E1 /* XXDLiveOnLineController.h */,
				69B89A701D7FFFCE009875E1 /* XXDLiveOnLineController.m */,
			);
			path = LiveOnLine;
			sourceTree = "<group>";
		};
		69B89A751D810378009875E1 /* Trade */ = {
			isa = PBXGroup;
			children = (
				69C5BCAC1D9A42F2005CF969 /* Model */,
				69B89A7C1D813723009875E1 /* Controller */,
				69B89A7F1D813723009875E1 /* View */,
			);
			path = Trade;
			sourceTree = "<group>";
		};
		69B89A7C1D813723009875E1 /* Controller */ = {
			isa = PBXGroup;
			children = (
				69B89A7D1D813723009875E1 /* firmBargainViewController.h */,
				69B89A7E1D813723009875E1 /* firmBargainViewController.m */,
			);
			path = Controller;
			sourceTree = "<group>";
		};
		69B89A7F1D813723009875E1 /* View */ = {
			isa = PBXGroup;
			children = (
				69B89A811D81378F009875E1 /* XXDOrderBSView.h */,
				69B89A821D81378F009875E1 /* XXDOrderBSView.m */,
				69B89A871D8137ED009875E1 /* XXDDelegateView.h */,
				69B89A881D8137ED009875E1 /* XXDDelegateView.m */,
				69B89A8A1D813807009875E1 /* XXDHoldProductView.h */,
				69B89A8B1D813807009875E1 /* XXDHoldProductView.m */,
				69C5BCA91D9A420C005CF969 /* XXDOrderSwapsBSCell.h */,
				69C5BCAA1D9A420C005CF969 /* XXDOrderSwapsBSCell.m */,
				69D54A9B1D9B603A007D033D /* XXDDelegateCell.h */,
				69D54A9C1D9B603A007D033D /* XXDDelegateCell.m */,
			);
			path = View;
			sourceTree = "<group>";
		};
		69C40D181D7D1D9000872C23 /* Category */ = {
			isa = PBXGroup;
			children = (
				69C40D1A1D7D463000872C23 /* UIButton+XXD.h */,
				69C40D1B1D7D463000872C23 /* UIButton+XXD.m */,
			);
			path = Category;
			sourceTree = "<group>";
		};
		69C5BCAC1D9A42F2005CF969 /* Model */ = {
			isa = PBXGroup;
			children = (
				69C5BCAD1D9A4307005CF969 /* XXDOrderSwapsBS.h */,
				69C5BCAE1D9A4307005CF969 /* XXDOrderSwapsBS.m */,
				69C5BCB01D9A51AC005CF969 /* XXDOrderSwapsBSViewModel.h */,
				69C5BCB11D9A51AC005CF969 /* XXDOrderSwapsBSViewModel.m */,
				69D54A981D9B5A58007D033D /* XXDDelegate.h */,
				69D54A991D9B5A58007D033D /* XXDDelegate.m */,
			);
			path = Model;
			sourceTree = "<group>";
		};
		69E1C6351D87E64300ED2735 /* LiveNew */ = {
			isa = PBXGroup;
			children = (
				3B7070081D9E0E9B005C6076 /* SGTopTitleView.h */,
				3B7070091D9E0E9B005C6076 /* SGTopTitleView.m */,
				3B70700A1D9E0E9B005C6076 /* UIView+SGExtension.h */,
				3B70700B1D9E0E9B005C6076 /* UIView+SGExtension.m */,
				69E1C6361D87EE3300ED2735 /* XXDLiveNewViewController.h */,
				69E1C6371D87EE3300ED2735 /* XXDLiveNewViewController.m */,
				3B706FFC1D9DF948005C6076 /* XXDShiShiViewController.h */,
				3B706FFD1D9DF948005C6076 /* XXDShiShiViewController.m */,
				3B706FFF1D9DF9B5005C6076 /* XXDTouTiaoViewController.h */,
				3B7070001D9DF9B5005C6076 /* XXDTouTiaoViewController.m */,
				3B7070021D9DFF0B005C6076 /* XXDJinRongViewController.h */,
				3B7070031D9DFF0B005C6076 /* XXDJinRongViewController.m */,
				3B2713011DAE03EF008EDA1E /* XXDCollectViewController.h */,
				3B2713021DAE03EF008EDA1E /* XXDCollectViewController.m */,
				3B7070051D9E0206005C6076 /* XXDCustomScrollViewController.h */,
				3B7070061D9E0206005C6076 /* XXDCustomScrollViewController.m */,
			);
			path = LiveNew;
			sourceTree = "<group>";
		};
/* End PBXGroup section */

/* Begin PBXNativeTarget section */
		697D76331D781300008D7C94 /* XXD */ = {
			isa = PBXNativeTarget;
			buildConfigurationList = 697D764B1D781300008D7C94 /* Build configuration list for PBXNativeTarget "XXD" */;
			buildPhases = (
				809D794DEC32FE5FA9F81027 /* [CP] Check Pods Manifest.lock */,
				697D76301D781300008D7C94 /* Sources */,
				697D76311D781300008D7C94 /* Frameworks */,
				697D76321D781300008D7C94 /* Resources */,
				37D4D91693FB5C04F483DEA7 /* [CP] Embed Pods Frameworks */,
				C9B377DF58D18D55054EE535 /* [CP] Copy Pods Resources */,
			);
			buildRules = (
			);
			dependencies = (
			);
			name = XXD;
			productName = XXD;
			productReference = 697D76341D781300008D7C94 /* XXD.app */;
			productType = "com.apple.product-type.application";
		};
/* End PBXNativeTarget section */

/* Begin PBXProject section */
		697D762C1D781300008D7C94 /* Project object */ = {
			isa = PBXProject;
			attributes = {
				LastUpgradeCheck = 0800;
				ORGANIZATIONNAME = xinxidu;
				TargetAttributes = {
					697D76331D781300008D7C94 = {
						CreatedOnToolsVersion = 7.3.1;
						DevelopmentTeam = R9DE87BJ5L;
						ProvisioningStyle = Automatic;
					};
				};
			};
			buildConfigurationList = 697D762F1D781300008D7C94 /* Build configuration list for PBXProject "XXD" */;
			compatibilityVersion = "Xcode 3.2";
			developmentRegion = English;
			hasScannedForEncodings = 0;
			knownRegions = (
				en,
				Base,
			);
			mainGroup = 697D762B1D781300008D7C94;
			productRefGroup = 697D76351D781300008D7C94 /* Products */;
			projectDirPath = "";
			projectRoot = "";
			targets = (
				697D76331D781300008D7C94 /* XXD */,
			);
		};
/* End PBXProject section */

/* Begin PBXResourcesBuildPhase section */
		697D76321D781300008D7C94 /* Resources */ = {
			isa = PBXResourcesBuildPhase;
			buildActionMask = 2147483647;
			files = (
				697D76441D781300008D7C94 /* Assets.xcassets in Resources */,
				697D76791D782E77008D7C94 /* Main.storyboard in Resources */,
				6933F6971D790B7A009CB88F /* Default-568h@2x.png in Resources */,
			);
			runOnlyForDeploymentPostprocessing = 0;
		};
/* End PBXResourcesBuildPhase section */

/* Begin PBXShellScriptBuildPhase section */
		37D4D91693FB5C04F483DEA7 /* [CP] Embed Pods Frameworks */ = {
			isa = PBXShellScriptBuildPhase;
			buildActionMask = 2147483647;
			files = (
			);
			inputPaths = (
			);
			name = "[CP] Embed Pods Frameworks";
			outputPaths = (
			);
			runOnlyForDeploymentPostprocessing = 0;
			shellPath = /bin/sh;
			shellScript = "\"${SRCROOT}/Pods/Target Support Files/Pods-XXD/Pods-XXD-frameworks.sh\"\n";
			showEnvVarsInLog = 0;
		};
		809D794DEC32FE5FA9F81027 /* [CP] Check Pods Manifest.lock */ = {
			isa = PBXShellScriptBuildPhase;
			buildActionMask = 2147483647;
			files = (
			);
			inputPaths = (
			);
			name = "[CP] Check Pods Manifest.lock";
			outputPaths = (
			);
			runOnlyForDeploymentPostprocessing = 0;
			shellPath = /bin/sh;
			shellScript = "diff \"${PODS_ROOT}/../Podfile.lock\" \"${PODS_ROOT}/Manifest.lock\" > /dev/null\nif [[ $? != 0 ]] ; then\n    cat << EOM\nerror: The sandbox is not in sync with the Podfile.lock. Run 'pod install' or update your CocoaPods installation.\nEOM\n    exit 1\nfi\n";
			showEnvVarsInLog = 0;
		};
		C9B377DF58D18D55054EE535 /* [CP] Copy Pods Resources */ = {
			isa = PBXShellScriptBuildPhase;
			buildActionMask = 2147483647;
			files = (
			);
			inputPaths = (
			);
			name = "[CP] Copy Pods Resources";
			outputPaths = (
			);
			runOnlyForDeploymentPostprocessing = 0;
			shellPath = /bin/sh;
			shellScript = "\"${SRCROOT}/Pods/Target Support Files/Pods-XXD/Pods-XXD-resources.sh\"\n";
			showEnvVarsInLog = 0;
		};
/* End PBXShellScriptBuildPhase section */

/* Begin PBXSourcesBuildPhase section */
		697D76301D781300008D7C94 /* Sources */ = {
			isa = PBXSourcesBuildPhase;
			buildActionMask = 2147483647;
			files = (
				3B24B3011D9272DE004FAC80 /* CustomScrollViewController.m in Sources */,
				3B2EC0371D87CC7D0019A72E /* XXDRegisterSecondViewController.m in Sources */,
				3B60B88A1D7D3D08002AA667 /* ItemTableViewCell.m in Sources */,
				69BFEA691DAC8DE2001F57D1 /* XXDUserFeedbackViewController.m in Sources */,
				3B732BA31DAC72470042B494 /* XXDProfessorDetailViewController.m in Sources */,
				3B7B3E841D7E61BD003DBF06 /* ProfessorTeamViewController.m in Sources */,
				3B6C690F1D9B5B0100C1CB1A /* XXDFindPwdViewController.m in Sources */,
				3B2CAAC81DAB3B1C000BD24B /* XXDMyActivityModel.m in Sources */,
				3B2EC03A1D87CCA50019A72E /* XXDLoginViewController.m in Sources */,
				3B70700D1D9E0E9B005C6076 /* UIView+SGExtension.m in Sources */,
				697D766D1D78292C008D7C94 /* XXDMarketViewController.m in Sources */,
				3BAF05AC1D93AD8300CFB105 /* XXDHistoryMarketListCell.m in Sources */,
				3B60B8A61D7D3D8A002AA667 /* VarietyModel.m in Sources */,
				69E1C6381D87EE3300ED2735 /* XXDLiveNewViewController.m in Sources */,
				3B2EC0261D878A290019A72E /* XXDCalendarViewController.m in Sources */,
				69B531C71D891F310055A9AE /* XXDNewerViewController.m in Sources */,
				3B2713031DAE03EF008EDA1E /* XXDCollectViewController.m in Sources */,
				3B4E9E221D98ACFB00190989 /* FirmLoginViewController.m in Sources */,
				3B6F5F291D7FAFFE0058D2DE /* XiDuNewsCell.m in Sources */,
				3B7B3E881D7EA8F9003DBF06 /* XXDActivityMessageVC.m in Sources */,
				3B6C69161D9B643800C1CB1A /* XXDMyAccountViewController.m in Sources */,
				69BC4A5D1D9DFEE10035328C /* DateView.m in Sources */,
				3B355B7E1D81576C008C8376 /* XXDHistoryMakeListVC.m in Sources */,
				69E1C6341D87CD6F00ED2735 /* XXDHotTradeLabel.m in Sources */,
				3B355B7B1D81573E008C8376 /* XXDTodayExchangeListVC.m in Sources */,
				3B355B781D815709008C8376 /* XXDTodayMakeListVC.m in Sources */,
				69B1C6261D7EC12B000CA633 /* XXDJinYinNiuPing.m in Sources */,
				3B7B3E971D7EC07D003DBF06 /* XXDMyActivityVC.m in Sources */,
				69C40D1C1D7D463000872C23 /* UIButton+XXD.m in Sources */,
				3B6F5F171D7FAFC60058D2DE /* AboutXiDuViewController.m in Sources */,
				3B6F5F2B1D7FAFFE0058D2DE /* XiDuNewsModel.m in Sources */,
				3B6F5F2C1D7FAFFE0058D2DE /* XiDuNewsViewController.m in Sources */,
				69BFEA661DAC8CBC001F57D1 /* XXDPersonalInfoViewController.m in Sources */,
				3B7070041D9DFF0B005C6076 /* XXDJinRongViewController.m in Sources */,
				3B70700C1D9E0E9B005C6076 /* SGTopTitleView.m in Sources */,
				3B706FFE1D9DF948005C6076 /* XXDShiShiViewController.m in Sources */,
				69E1C6311D879B0400ED2735 /* XXDHotTradeCell.m in Sources */,
				3BBE4C721DAB7EAE0079F7A6 /* XXDProfessorTeamCell.m in Sources */,
				3B7B3E801D7E5B0D003DBF06 /* BaseWKWebView.m in Sources */,
				69B89A8C1D813807009875E1 /* XXDHoldProductView.m in Sources */,
				69C5BCAF1D9A4307005CF969 /* XXDOrderSwapsBS.m in Sources */,
				3B8FF8C91D86750E003D5EC1 /* XXDLeftMarketViewController.m in Sources */,
				69B89A831D81378F009875E1 /* XXDOrderBSView.m in Sources */,
				3B7B3E9A1D7EC0C6003DBF06 /* XXDMyActivityCell.m in Sources */,
				697D763C1D781300008D7C94 /* XXDAppDelegate.m in Sources */,
				3B7070011D9DF9B5005C6076 /* XXDTouTiaoViewController.m in Sources */,
				3B6F5F281D7FAFFE0058D2DE /* XiDuInfoViewController.m in Sources */,
				69B1C6231D7EC0D1000CA633 /* XXDTimeNews.m in Sources */,
				3B355B751D8149D6008C8376 /* AuthcodeView.m in Sources */,
				69B1C6181D7E64FF000CA633 /* XXDLiveImage.m in Sources */,
				697D76731D782951008D7C94 /* XXDDiscoverViewController.m in Sources */,
				3BAF05A91D93A5F700CFB105 /* XXDTodayExchangeCell.m in Sources */,
				696BC0F11DAB74D8003589C0 /* XXDSetupViewController.m in Sources */,
				3B6C69121D9B5B1900C1CB1A /* XXDFindPwdSecondViewController.m in Sources */,
				69BC4A601D9DFF140035328C /* XXDCalendarCell.m in Sources */,
				69B1C61F1D7EBD61000CA633 /* XXDJinYinNiuPingCell.m in Sources */,
				3B60B88B1D7D3D08002AA667 /* MoreDetailModel.m in Sources */,
				69B89A711D7FFFCE009875E1 /* XXDLiveOnLineController.m in Sources */,
				69B89A891D8137ED009875E1 /* XXDDelegateView.m in Sources */,
				3B2EC0301D8793A30019A72E /* XXDHotActivityViewController.m in Sources */,
				3BAF05AF1D93ADAA00CFB105 /* XXDHistoryExchangeCell.m in Sources */,
				3B6F5F321D7FDAF00058D2DE /* XXDSearchViewController.m in Sources */,
				3B355B721D80F8F1008C8376 /* XXDMyAccountInfoVC.m in Sources */,
				3B7B3E8B1D7EAF01003DBF06 /* XXDActivityTableViewCell.m in Sources */,
				69C1058F1D93852F00F4D3AE /* XXDCustomNavigation.m in Sources */,
				69D54A9D1D9B603A007D033D /* XXDDelegateCell.m in Sources */,
				3B7070071D9E0206005C6076 /* XXDCustomScrollViewController.m in Sources */,
				3B7B3E6E1D7E5632003DBF06 /* ProfitSkillViewController.m in Sources */,
				697D76701D782939008D7C94 /* XXDTradeViewController.m in Sources */,
				69B1C6111D7E4FE8000CA633 /* XXDLiveView.m in Sources */,
				3BBE4C751DAB7ECE0079F7A6 /* XXDProfessorTeamModel.m in Sources */,
				69B89A801D813723009875E1 /* firmBargainViewController.m in Sources */,
				3B7B3E8F1D7EBECC003DBF06 /* XXDMyViewController.m in Sources */,
				3BA5F70A1DAF2600008271F4 /* FirmRegisterViewController.m in Sources */,
				69C5BCAB1D9A420C005CF969 /* XXDOrderSwapsBSCell.m in Sources */,
				697D765C1D781BBC008D7C94 /* XXDMainTabController.m in Sources */,
				697D766A1D782911008D7C94 /* XXDHomeViewController.m in Sources */,
				3B2EC0341D87CBC60019A72E /* XXDRegisterViewController.m in Sources */,
				3B7B3E7D1D7E56B0003DBF06 /* BaseTableView.m in Sources */,
				3B7B3E6D1D7E5632003DBF06 /* ProfitSkillModel.m in Sources */,
				3B7B3E781D7E564D003DBF06 /* DaysDetailController.m in Sources */,
				3B6F5F2F1D7FB0F00058D2DE /* BaseWebRequest.m in Sources */,
				3B7B3E6C1D7E5632003DBF06 /* ProfitSkillCell.m in Sources */,
				3BAF05A61D93853A00CFB105 /* XXDTodayMakeListCell.m in Sources */,
				3B6F5F3B1D8008350058D2DE /* XXDMyFirmAccountVC.m in Sources */,
				69BC4A5A1D9DFE460035328C /* XXDCalendar.m in Sources */,
				3B355B841D8158F4008C8376 /* XXDHistoryExchangeListVC.m in Sources */,
				697D76391D781300008D7C94 /* main.m in Sources */,
				69C5BCB21D9A51AC005CF969 /* XXDOrderSwapsBSViewModel.m in Sources */,
				69E1C62B1D8793AD00ED2735 /* XXDHotTradeViewController.m in Sources */,
				3B6F5F261D7FAFFE0058D2DE /* ContactUsViewController.m in Sources */,
				69B1C61C1D7EBD39000CA633 /* XXDTimeNewsCell.m in Sources */,
				69D54A9A1D9B5A58007D033D /* XXDDelegate.m in Sources */,
				3B7B3E771D7E564D003DBF06 /* DayInvestmentCell.m in Sources */,
				3B6F5F2A1D7FAFFE0058D2DE /* XiDuNewsDetailViewController.m in Sources */,
				3B7B3E611D7E515A003DBF06 /* XXDQuotationViewController.m in Sources */,
				3B60B8A51D7D3D8A002AA667 /* VarietiesView.m in Sources */,
				3B6F5F271D7FAFFE0058D2DE /* ExchangeInfoViewController.m in Sources */,
				69E1C62E1D87970C00ED2735 /* XXDHotTrade.m in Sources */,
				3B7B3E791D7E564D003DBF06 /* DaysInvestmentModel.m in Sources */,
				3B7B3E7A1D7E564D003DBF06 /* DaysInvestmentViewController.m in Sources */,
			);
			runOnlyForDeploymentPostprocessing = 0;
		};
/* End PBXSourcesBuildPhase section */

/* Begin PBXVariantGroup section */
		697D76771D782E77008D7C94 /* Main.storyboard */ = {
			isa = PBXVariantGroup;
			children = (
				697D76781D782E77008D7C94 /* Base */,
			);
			name = Main.storyboard;
			sourceTree = "<group>";
		};
/* End PBXVariantGroup section */

/* Begin XCBuildConfiguration section */
		697D76491D781300008D7C94 /* Debug */ = {
			isa = XCBuildConfiguration;
			buildSettings = {
				ALWAYS_SEARCH_USER_PATHS = NO;
				CLANG_ANALYZER_NONNULL = YES;
				CLANG_CXX_LANGUAGE_STANDARD = "gnu++0x";
				CLANG_CXX_LIBRARY = "libc++";
				CLANG_ENABLE_MODULES = YES;
				CLANG_ENABLE_OBJC_ARC = YES;
				CLANG_WARN_BOOL_CONVERSION = YES;
				CLANG_WARN_CONSTANT_CONVERSION = YES;
				CLANG_WARN_DIRECT_OBJC_ISA_USAGE = YES_ERROR;
				CLANG_WARN_EMPTY_BODY = YES;
				CLANG_WARN_ENUM_CONVERSION = YES;
				CLANG_WARN_INFINITE_RECURSION = YES;
				CLANG_WARN_INT_CONVERSION = YES;
				CLANG_WARN_OBJC_ROOT_CLASS = YES_ERROR;
				CLANG_WARN_SUSPICIOUS_MOVE = YES;
				CLANG_WARN_UNREACHABLE_CODE = YES;
				CLANG_WARN__DUPLICATE_METHOD_MATCH = YES;
				"CODE_SIGN_IDENTITY[sdk=iphoneos*]" = "iPhone Developer";
				COPY_PHASE_STRIP = NO;
				DEBUG_INFORMATION_FORMAT = dwarf;
				ENABLE_STRICT_OBJC_MSGSEND = YES;
				ENABLE_TESTABILITY = YES;
				GCC_C_LANGUAGE_STANDARD = gnu99;
				GCC_DYNAMIC_NO_PIC = NO;
				GCC_NO_COMMON_BLOCKS = YES;
				GCC_OPTIMIZATION_LEVEL = 0;
				GCC_PREPROCESSOR_DEFINITIONS = (
					"DEBUG=1",
					"$(inherited)",
				);
				GCC_WARN_64_TO_32_BIT_CONVERSION = YES;
				GCC_WARN_ABOUT_RETURN_TYPE = YES_ERROR;
				GCC_WARN_UNDECLARED_SELECTOR = YES;
				GCC_WARN_UNINITIALIZED_AUTOS = YES_AGGRESSIVE;
				GCC_WARN_UNUSED_FUNCTION = YES;
				GCC_WARN_UNUSED_VARIABLE = YES;
				IPHONEOS_DEPLOYMENT_TARGET = 10.0;
				MTL_ENABLE_DEBUG_INFO = YES;
				ONLY_ACTIVE_ARCH = YES;
				SDKROOT = iphoneos;
				TARGETED_DEVICE_FAMILY = "1,2";
			};
			name = Debug;
		};
		697D764A1D781300008D7C94 /* Release */ = {
			isa = XCBuildConfiguration;
			buildSettings = {
				ALWAYS_SEARCH_USER_PATHS = NO;
				CLANG_ANALYZER_NONNULL = YES;
				CLANG_CXX_LANGUAGE_STANDARD = "gnu++0x";
				CLANG_CXX_LIBRARY = "libc++";
				CLANG_ENABLE_MODULES = YES;
				CLANG_ENABLE_OBJC_ARC = YES;
				CLANG_WARN_BOOL_CONVERSION = YES;
				CLANG_WARN_CONSTANT_CONVERSION = YES;
				CLANG_WARN_DIRECT_OBJC_ISA_USAGE = YES_ERROR;
				CLANG_WARN_EMPTY_BODY = YES;
				CLANG_WARN_ENUM_CONVERSION = YES;
				CLANG_WARN_INFINITE_RECURSION = YES;
				CLANG_WARN_INT_CONVERSION = YES;
				CLANG_WARN_OBJC_ROOT_CLASS = YES_ERROR;
				CLANG_WARN_SUSPICIOUS_MOVE = YES;
				CLANG_WARN_UNREACHABLE_CODE = YES;
				CLANG_WARN__DUPLICATE_METHOD_MATCH = YES;
				"CODE_SIGN_IDENTITY[sdk=iphoneos*]" = "iPhone Developer";
				COPY_PHASE_STRIP = NO;
				DEBUG_INFORMATION_FORMAT = "dwarf-with-dsym";
				ENABLE_NS_ASSERTIONS = NO;
				ENABLE_STRICT_OBJC_MSGSEND = YES;
				GCC_C_LANGUAGE_STANDARD = gnu99;
				GCC_NO_COMMON_BLOCKS = YES;
				GCC_WARN_64_TO_32_BIT_CONVERSION = YES;
				GCC_WARN_ABOUT_RETURN_TYPE = YES_ERROR;
				GCC_WARN_UNDECLARED_SELECTOR = YES;
				GCC_WARN_UNINITIALIZED_AUTOS = YES_AGGRESSIVE;
				GCC_WARN_UNUSED_FUNCTION = YES;
				GCC_WARN_UNUSED_VARIABLE = YES;
				IPHONEOS_DEPLOYMENT_TARGET = 10.0;
				MTL_ENABLE_DEBUG_INFO = NO;
				SDKROOT = iphoneos;
				TARGETED_DEVICE_FAMILY = "1,2";
				VALIDATE_PRODUCT = YES;
			};
			name = Release;
		};
		697D764C1D781300008D7C94 /* Debug */ = {
			isa = XCBuildConfiguration;
			baseConfigurationReference = 8A1EB41BB141BBB1A5B05B48 /* Pods-XXD.debug.xcconfig */;
			buildSettings = {
				ASSETCATALOG_COMPILER_APPICON_NAME = AppIcon;
				CLANG_ENABLE_MODULES = YES;
				CODE_SIGN_IDENTITY = "iPhone Developer";
				"CODE_SIGN_IDENTITY[sdk=iphoneos*]" = "iPhone Developer";
				DEVELOPMENT_TEAM = R9DE87BJ5L;
				INFOPLIST_FILE = XXD/Info.plist;
				IPHONEOS_DEPLOYMENT_TARGET = 9.0;
				LD_RUNPATH_SEARCH_PATHS = "$(inherited) @executable_path/Frameworks";
				PRODUCT_BUNDLE_IDENTIFIER = com.xinxidu.XXDs;
				PRODUCT_NAME = "$(TARGET_NAME)";
				PROVISIONING_PROFILE = "";
				SWIFT_OBJC_BRIDGING_HEADER = "XXD/Sections/Home/XXD-Bridging-Header.h";
				SWIFT_OPTIMIZATION_LEVEL = "-Onone";
				TARGETED_DEVICE_FAMILY = "1,2";
			};
			name = Debug;
		};
		697D764D1D781300008D7C94 /* Release */ = {
			isa = XCBuildConfiguration;
			baseConfigurationReference = B431A3CF173B42D828D67E6C /* Pods-XXD.release.xcconfig */;
			buildSettings = {
				ASSETCATALOG_COMPILER_APPICON_NAME = AppIcon;
				CLANG_ENABLE_MODULES = YES;
				CODE_SIGN_IDENTITY = "iPhone Developer";
				"CODE_SIGN_IDENTITY[sdk=iphoneos*]" = "iPhone Developer";
				DEVELOPMENT_TEAM = R9DE87BJ5L;
				INFOPLIST_FILE = XXD/Info.plist;
				IPHONEOS_DEPLOYMENT_TARGET = 9.0;
				LD_RUNPATH_SEARCH_PATHS = "$(inherited) @executable_path/Frameworks";
				PRODUCT_BUNDLE_IDENTIFIER = com.xinxidu.XXDs;
				PRODUCT_NAME = "$(TARGET_NAME)";
				PROVISIONING_PROFILE = "";
				SWIFT_OBJC_BRIDGING_HEADER = "XXD/Sections/Home/XXD-Bridging-Header.h";
				TARGETED_DEVICE_FAMILY = "1,2";
			};
			name = Release;
		};
/* End XCBuildConfiguration section */

/* Begin XCConfigurationList section */
		697D762F1D781300008D7C94 /* Build configuration list for PBXProject "XXD" */ = {
			isa = XCConfigurationList;
			buildConfigurations = (
				697D76491D781300008D7C94 /* Debug */,
				697D764A1D781300008D7C94 /* Release */,
			);
			defaultConfigurationIsVisible = 0;
			defaultConfigurationName = Release;
		};
		697D764B1D781300008D7C94 /* Build configuration list for PBXNativeTarget "XXD" */ = {
			isa = XCConfigurationList;
			buildConfigurations = (
				697D764C1D781300008D7C94 /* Debug */,
				697D764D1D781300008D7C94 /* Release */,
			);
			defaultConfigurationIsVisible = 0;
			defaultConfigurationName = Release;
		};
/* End XCConfigurationList section */
	};
	rootObject = 697D762C1D781300008D7C94 /* Project object */;
}
